// !$*UTF8*$!
{
	archiveVersion = 1;
	classes = {
	};
	objectVersion = 46;
	objects = {

/* Begin PBXBuildFile section */
		0D39188D1DDE0E0600CF0313 /* AppDelegate.m in Sources */ = {isa = PBXBuildFile; fileRef = 0D39188C1DDE0E0600CF0313 /* AppDelegate.m */; };
		0D3918901DDE0E0600CF0313 /* main.m in Sources */ = {isa = PBXBuildFile; fileRef = 0D39188F1DDE0E0600CF0313 /* main.m */; };
		0D3918921DDE0E0600CF0313 /* Assets.xcassets in Resources */ = {isa = PBXBuildFile; fileRef = 0D3918911DDE0E0600CF0313 /* Assets.xcassets */; };
		0D3918951DDE0E0600CF0313 /* MainMenu.xib in Resources */ = {isa = PBXBuildFile; fileRef = 0D3918931DDE0E0600CF0313 /* MainMenu.xib */; };
		0D3918A01DDE0E0600CF0313 /* ASWPTests.m in Sources */ = {isa = PBXBuildFile; fileRef = 0D39189F1DDE0E0600CF0313 /* ASWPTests.m */; };
		0D3918AB1DDE0E0600CF0313 /* ASWPUITests.m in Sources */ = {isa = PBXBuildFile; fileRef = 0D3918AA1DDE0E0600CF0313 /* ASWPUITests.m */; };
		0D3918BC1DDE0EF900CF0313 /* JZWallPaperMainViewController.m in Sources */ = {isa = PBXBuildFile; fileRef = 0D3918BA1DDE0EF900CF0313 /* JZWallPaperMainViewController.m */; };
		0D3918BD1DDE0EF900CF0313 /* JZWallPaperMainViewController.xib in Resources */ = {isa = PBXBuildFile; fileRef = 0D3918BB1DDE0EF900CF0313 /* JZWallPaperMainViewController.xib */; };
		0D3918C11DDE23BC00CF0313 /* JZASDataManager.m in Sources */ = {isa = PBXBuildFile; fileRef = 0D3918C01DDE23BC00CF0313 /* JZASDataManager.m */; };
		0D3918C51DDE244B00CF0313 /* XMLDictionary.m in Sources */ = {isa = PBXBuildFile; fileRef = 0D3918C41DDE244B00CF0313 /* XMLDictionary.m */; };
		0D3918C81DDE35CD00CF0313 /* JZASArtworkModel.m in Sources */ = {isa = PBXBuildFile; fileRef = 0D3918C71DDE35CD00CF0313 /* JZASArtworkModel.m */; };
		0D3918CC1DDE422400CF0313 /* JZWallPaperCollectionViewItem.m in Sources */ = {isa = PBXBuildFile; fileRef = 0D3918CA1DDE422400CF0313 /* JZWallPaperCollectionViewItem.m */; };
		0D3918CD1DDE422400CF0313 /* JZWallPaperCollectionViewItem.xib in Resources */ = {isa = PBXBuildFile; fileRef = 0D3918CB1DDE422400CF0313 /* JZWallPaperCollectionViewItem.xib */; };
		0D3918D11DDEE15A00CF0313 /* JZWallPaperCollectionItemView.m in Sources */ = {isa = PBXBuildFile; fileRef = 0D3918D01DDEE15A00CF0313 /* JZWallPaperCollectionItemView.m */; };
		0D3918D31DDF2E0B00CF0313 /* JZWallPaperCollectionHeaderView.xib in Resources */ = {isa = PBXBuildFile; fileRef = 0D3918D21DDF2E0B00CF0313 /* JZWallPaperCollectionHeaderView.xib */; };
		0D3918D61DDF2E3E00CF0313 /* JZWallPaperCollectionHeaderView.m in Sources */ = {isa = PBXBuildFile; fileRef = 0D3918D51DDF2E3E00CF0313 /* JZWallPaperCollectionHeaderView.m */; };
		0D3918D91DDF3E0C00CF0313 /* JZScreensManager.m in Sources */ = {isa = PBXBuildFile; fileRef = 0D3918D81DDF3E0C00CF0313 /* JZScreensManager.m */; };
		0D3918DC1DDF635600CF0313 /* JZScreensModel.m in Sources */ = {isa = PBXBuildFile; fileRef = 0D3918DB1DDF635600CF0313 /* JZScreensModel.m */; };
		0D3918DF1DDF79AD00CF0313 /* JZWallPaperManager.m in Sources */ = {isa = PBXBuildFile; fileRef = 0D3918DE1DDF79AD00CF0313 /* JZWallPaperManager.m */; };
		0D3918E21DDF951F00CF0313 /* JZWallPaperCollectionItemQuickScreenSetView.m in Sources */ = {isa = PBXBuildFile; fileRef = 0D3918E11DDF951F00CF0313 /* JZWallPaperCollectionItemQuickScreenSetView.m */; };
		0D44C1B61DE0A2B000527BF5 /* AppDelegate.m in Sources */ = {isa = PBXBuildFile; fileRef = 0D44C1B51DE0A2B000527BF5 /* AppDelegate.m */; };
		0D44C1B91DE0A2B000527BF5 /* main.m in Sources */ = {isa = PBXBuildFile; fileRef = 0D44C1B81DE0A2B000527BF5 /* main.m */; };
		0D44C1BB1DE0A2B000527BF5 /* Assets.xcassets in Resources */ = {isa = PBXBuildFile; fileRef = 0D44C1BA1DE0A2B000527BF5 /* Assets.xcassets */; };
		0D44C1BE1DE0A2B000527BF5 /* MainMenu.xib in Resources */ = {isa = PBXBuildFile; fileRef = 0D44C1BC1DE0A2B000527BF5 /* MainMenu.xib */; };
		0D44C1C31DE0A2EB00527BF5 /* ArtWallLoginHelper.app in CopyFiles */ = {isa = PBXBuildFile; fileRef = 0D44C1B21DE0A2B000527BF5 /* ArtWallLoginHelper.app */; settings = {ATTRIBUTES = (RemoveHeadersOnCopy, ); }; };
		0D78B31A1DE0A8C7006EC4C2 /* JZSettingsViewController.m in Sources */ = {isa = PBXBuildFile; fileRef = 0D78B3181DE0A8C7006EC4C2 /* JZSettingsViewController.m */; };
		0D78B31B1DE0A8C7006EC4C2 /* JZSettingsViewController.xib in Resources */ = {isa = PBXBuildFile; fileRef = 0D78B3191DE0A8C7006EC4C2 /* JZSettingsViewController.xib */; };
		0D78B31E1DE0ACC2006EC4C2 /* JZLaunchOnLoginManager.m in Sources */ = {isa = PBXBuildFile; fileRef = 0D78B31D1DE0ACC2006EC4C2 /* JZLaunchOnLoginManager.m */; };
		0D98A2E41DE06D4D00B47DCD /* StartAtLoginController.m in Sources */ = {isa = PBXBuildFile; fileRef = 0D98A2E31DE06D4D00B47DCD /* StartAtLoginController.m */; };
		0DC6005A1DE084A200091598 /* ServiceManagement.framework in Frameworks */ = {isa = PBXBuildFile; fileRef = 0D98A29B1DE06B7B00B47DCD /* ServiceManagement.framework */; };
		2DFE6ECED4653E3736F1686D /* libPods-ArtWall.a in Frameworks */ = {isa = PBXBuildFile; fileRef = 0BB3A5A06C082754D535508A /* libPods-ArtWall.a */; };
		36B99C817A9E64E64D707C75 /* libPods-ArtWallUITests.a in Frameworks */ = {isa = PBXBuildFile; fileRef = 99F262CBD00AA67CE9EEAA36 /* libPods-ArtWallUITests.a */; };
		6CB73173FEF5EB0CEA043942 /* libPods-ASWPUITests.a in Frameworks */ = {isa = PBXBuildFile; fileRef = 55CDEC5865A49D80EFF8E315 /* libPods-ASWPUITests.a */; };
		CB748A8E38415CA872889BAC /* libPods-ArtWallTests.a in Frameworks */ = {isa = PBXBuildFile; fileRef = 512A7F5303DE235C43F2F72E /* libPods-ArtWallTests.a */; };
		FECE81AF5BE77D4CCBAE2F94 /* libPods-ASWPTests.a in Frameworks */ = {isa = PBXBuildFile; fileRef = 46E3FAF746D248EA54D66160 /* libPods-ASWPTests.a */; };
/* End PBXBuildFile section */

/* Begin PBXContainerItemProxy section */
		0D39189C1DDE0E0600CF0313 /* PBXContainerItemProxy */ = {
			isa = PBXContainerItemProxy;
			containerPortal = 0D3918801DDE0E0600CF0313 /* Project object */;
			proxyType = 1;
			remoteGlobalIDString = 0D3918871DDE0E0600CF0313;
			remoteInfo = ASWP;
		};
		0D3918A71DDE0E0600CF0313 /* PBXContainerItemProxy */ = {
			isa = PBXContainerItemProxy;
			containerPortal = 0D3918801DDE0E0600CF0313 /* Project object */;
			proxyType = 1;
			remoteGlobalIDString = 0D3918871DDE0E0600CF0313;
			remoteInfo = ASWP;
		};
/* End PBXContainerItemProxy section */

/* Begin PBXCopyFilesBuildPhase section */
		0D98A2E51DE06DC900B47DCD /* CopyFiles */ = {
			isa = PBXCopyFilesBuildPhase;
			buildActionMask = 2147483647;
			dstPath = Contents/Library/LoginItems;
			dstSubfolderSpec = 1;
			files = (
				0D44C1C31DE0A2EB00527BF5 /* ArtWallLoginHelper.app in CopyFiles */,
			);
			runOnlyForDeploymentPostprocessing = 0;
		};
/* End PBXCopyFilesBuildPhase section */

/* Begin PBXFileReference section */
		0BB3A5A06C082754D535508A /* libPods-ArtWall.a */ = {isa = PBXFileReference; explicitFileType = archive.ar; includeInIndex = 0; path = "libPods-ArtWall.a"; sourceTree = BUILT_PRODUCTS_DIR; };
		0D3918881DDE0E0600CF0313 /* ArtWall.app */ = {isa = PBXFileReference; explicitFileType = wrapper.application; includeInIndex = 0; path = ArtWall.app; sourceTree = BUILT_PRODUCTS_DIR; };
		0D39188B1DDE0E0600CF0313 /* AppDelegate.h */ = {isa = PBXFileReference; lastKnownFileType = sourcecode.c.h; path = AppDelegate.h; sourceTree = "<group>"; };
		0D39188C1DDE0E0600CF0313 /* AppDelegate.m */ = {isa = PBXFileReference; lastKnownFileType = sourcecode.c.objc; path = AppDelegate.m; sourceTree = "<group>"; };
		0D39188F1DDE0E0600CF0313 /* main.m */ = {isa = PBXFileReference; lastKnownFileType = sourcecode.c.objc; path = main.m; sourceTree = "<group>"; };
		0D3918911DDE0E0600CF0313 /* Assets.xcassets */ = {isa = PBXFileReference; lastKnownFileType = folder.assetcatalog; path = Assets.xcassets; sourceTree = "<group>"; };
		0D3918941DDE0E0600CF0313 /* Base */ = {isa = PBXFileReference; lastKnownFileType = file.xib; name = Base; path = Base.lproj/MainMenu.xib; sourceTree = "<group>"; };
		0D3918961DDE0E0600CF0313 /* Info.plist */ = {isa = PBXFileReference; lastKnownFileType = text.plist.xml; path = Info.plist; sourceTree = "<group>"; };
		0D39189B1DDE0E0600CF0313 /* ArtWallTests.xctest */ = {isa = PBXFileReference; explicitFileType = wrapper.cfbundle; includeInIndex = 0; path = ArtWallTests.xctest; sourceTree = BUILT_PRODUCTS_DIR; };
		0D39189F1DDE0E0600CF0313 /* ASWPTests.m */ = {isa = PBXFileReference; lastKnownFileType = sourcecode.c.objc; path = ASWPTests.m; sourceTree = "<group>"; };
		0D3918A11DDE0E0600CF0313 /* Info.plist */ = {isa = PBXFileReference; lastKnownFileType = text.plist.xml; path = Info.plist; sourceTree = "<group>"; };
		0D3918A61DDE0E0600CF0313 /* ArtWallUITests.xctest */ = {isa = PBXFileReference; explicitFileType = wrapper.cfbundle; includeInIndex = 0; path = ArtWallUITests.xctest; sourceTree = BUILT_PRODUCTS_DIR; };
		0D3918AA1DDE0E0600CF0313 /* ASWPUITests.m */ = {isa = PBXFileReference; lastKnownFileType = sourcecode.c.objc; path = ASWPUITests.m; sourceTree = "<group>"; };
		0D3918AC1DDE0E0600CF0313 /* Info.plist */ = {isa = PBXFileReference; lastKnownFileType = text.plist.xml; path = Info.plist; sourceTree = "<group>"; };
		0D3918B81DDE0E0C00CF0313 /* ASWP.entitlements */ = {isa = PBXFileReference; lastKnownFileType = text.plist.entitlements; path = ASWP.entitlements; sourceTree = "<group>"; };
		0D3918B91DDE0EF900CF0313 /* JZWallPaperMainViewController.h */ = {isa = PBXFileReference; fileEncoding = 4; lastKnownFileType = sourcecode.c.h; path = JZWallPaperMainViewController.h; sourceTree = "<group>"; };
		0D3918BA1DDE0EF900CF0313 /* JZWallPaperMainViewController.m */ = {isa = PBXFileReference; fileEncoding = 4; lastKnownFileType = sourcecode.c.objc; path = JZWallPaperMainViewController.m; sourceTree = "<group>"; };
		0D3918BB1DDE0EF900CF0313 /* JZWallPaperMainViewController.xib */ = {isa = PBXFileReference; fileEncoding = 4; lastKnownFileType = file.xib; path = JZWallPaperMainViewController.xib; sourceTree = "<group>"; };
		0D3918BF1DDE23BC00CF0313 /* JZASDataManager.h */ = {isa = PBXFileReference; fileEncoding = 4; lastKnownFileType = sourcecode.c.h; path = JZASDataManager.h; sourceTree = "<group>"; };
		0D3918C01DDE23BC00CF0313 /* JZASDataManager.m */ = {isa = PBXFileReference; fileEncoding = 4; lastKnownFileType = sourcecode.c.objc; path = JZASDataManager.m; sourceTree = "<group>"; };
		0D3918C31DDE244B00CF0313 /* XMLDictionary.h */ = {isa = PBXFileReference; fileEncoding = 4; lastKnownFileType = sourcecode.c.h; path = XMLDictionary.h; sourceTree = "<group>"; };
		0D3918C41DDE244B00CF0313 /* XMLDictionary.m */ = {isa = PBXFileReference; fileEncoding = 4; lastKnownFileType = sourcecode.c.objc; path = XMLDictionary.m; sourceTree = "<group>"; };
		0D3918C61DDE35CD00CF0313 /* JZASArtworkModel.h */ = {isa = PBXFileReference; fileEncoding = 4; lastKnownFileType = sourcecode.c.h; path = JZASArtworkModel.h; sourceTree = "<group>"; };
		0D3918C71DDE35CD00CF0313 /* JZASArtworkModel.m */ = {isa = PBXFileReference; fileEncoding = 4; lastKnownFileType = sourcecode.c.objc; path = JZASArtworkModel.m; sourceTree = "<group>"; };
		0D3918C91DDE422400CF0313 /* JZWallPaperCollectionViewItem.h */ = {isa = PBXFileReference; fileEncoding = 4; lastKnownFileType = sourcecode.c.h; path = JZWallPaperCollectionViewItem.h; sourceTree = "<group>"; };
		0D3918CA1DDE422400CF0313 /* JZWallPaperCollectionViewItem.m */ = {isa = PBXFileReference; fileEncoding = 4; lastKnownFileType = sourcecode.c.objc; path = JZWallPaperCollectionViewItem.m; sourceTree = "<group>"; };
		0D3918CB1DDE422400CF0313 /* JZWallPaperCollectionViewItem.xib */ = {isa = PBXFileReference; fileEncoding = 4; lastKnownFileType = file.xib; path = JZWallPaperCollectionViewItem.xib; sourceTree = "<group>"; };
		0D3918CF1DDEE15A00CF0313 /* JZWallPaperCollectionItemView.h */ = {isa = PBXFileReference; fileEncoding = 4; lastKnownFileType = sourcecode.c.h; path = JZWallPaperCollectionItemView.h; sourceTree = "<group>"; };
		0D3918D01DDEE15A00CF0313 /* JZWallPaperCollectionItemView.m */ = {isa = PBXFileReference; fileEncoding = 4; lastKnownFileType = sourcecode.c.objc; path = JZWallPaperCollectionItemView.m; sourceTree = "<group>"; };
		0D3918D21DDF2E0B00CF0313 /* JZWallPaperCollectionHeaderView.xib */ = {isa = PBXFileReference; fileEncoding = 4; lastKnownFileType = file.xib; path = JZWallPaperCollectionHeaderView.xib; sourceTree = "<group>"; };
		0D3918D41DDF2E3E00CF0313 /* JZWallPaperCollectionHeaderView.h */ = {isa = PBXFileReference; fileEncoding = 4; lastKnownFileType = sourcecode.c.h; path = JZWallPaperCollectionHeaderView.h; sourceTree = "<group>"; };
		0D3918D51DDF2E3E00CF0313 /* JZWallPaperCollectionHeaderView.m */ = {isa = PBXFileReference; fileEncoding = 4; lastKnownFileType = sourcecode.c.objc; path = JZWallPaperCollectionHeaderView.m; sourceTree = "<group>"; };
		0D3918D71DDF3E0C00CF0313 /* JZScreensManager.h */ = {isa = PBXFileReference; fileEncoding = 4; lastKnownFileType = sourcecode.c.h; path = JZScreensManager.h; sourceTree = "<group>"; };
		0D3918D81DDF3E0C00CF0313 /* JZScreensManager.m */ = {isa = PBXFileReference; fileEncoding = 4; lastKnownFileType = sourcecode.c.objc; path = JZScreensManager.m; sourceTree = "<group>"; };
		0D3918DA1DDF635600CF0313 /* JZScreensModel.h */ = {isa = PBXFileReference; fileEncoding = 4; lastKnownFileType = sourcecode.c.h; path = JZScreensModel.h; sourceTree = "<group>"; };
		0D3918DB1DDF635600CF0313 /* JZScreensModel.m */ = {isa = PBXFileReference; fileEncoding = 4; lastKnownFileType = sourcecode.c.objc; path = JZScreensModel.m; sourceTree = "<group>"; };
		0D3918DD1DDF79AD00CF0313 /* JZWallPaperManager.h */ = {isa = PBXFileReference; fileEncoding = 4; lastKnownFileType = sourcecode.c.h; path = JZWallPaperManager.h; sourceTree = "<group>"; };
		0D3918DE1DDF79AD00CF0313 /* JZWallPaperManager.m */ = {isa = PBXFileReference; fileEncoding = 4; lastKnownFileType = sourcecode.c.objc; path = JZWallPaperManager.m; sourceTree = "<group>"; };
		0D3918E01DDF951F00CF0313 /* JZWallPaperCollectionItemQuickScreenSetView.h */ = {isa = PBXFileReference; fileEncoding = 4; lastKnownFileType = sourcecode.c.h; path = JZWallPaperCollectionItemQuickScreenSetView.h; sourceTree = "<group>"; };
		0D3918E11DDF951F00CF0313 /* JZWallPaperCollectionItemQuickScreenSetView.m */ = {isa = PBXFileReference; fileEncoding = 4; lastKnownFileType = sourcecode.c.objc; path = JZWallPaperCollectionItemQuickScreenSetView.m; sourceTree = "<group>"; };
		0D44C1B21DE0A2B000527BF5 /* ArtWallLoginHelper.app */ = {isa = PBXFileReference; explicitFileType = wrapper.application; includeInIndex = 0; path = ArtWallLoginHelper.app; sourceTree = BUILT_PRODUCTS_DIR; };
		0D44C1B41DE0A2B000527BF5 /* AppDelegate.h */ = {isa = PBXFileReference; lastKnownFileType = sourcecode.c.h; path = AppDelegate.h; sourceTree = "<group>"; };
		0D44C1B51DE0A2B000527BF5 /* AppDelegate.m */ = {isa = PBXFileReference; lastKnownFileType = sourcecode.c.objc; path = AppDelegate.m; sourceTree = "<group>"; };
		0D44C1B81DE0A2B000527BF5 /* main.m */ = {isa = PBXFileReference; lastKnownFileType = sourcecode.c.objc; path = main.m; sourceTree = "<group>"; };
		0D44C1BA1DE0A2B000527BF5 /* Assets.xcassets */ = {isa = PBXFileReference; lastKnownFileType = folder.assetcatalog; path = Assets.xcassets; sourceTree = "<group>"; };
		0D44C1BD1DE0A2B000527BF5 /* Base */ = {isa = PBXFileReference; lastKnownFileType = file.xib; name = Base; path = Base.lproj/MainMenu.xib; sourceTree = "<group>"; };
		0D44C1BF1DE0A2B000527BF5 /* Info.plist */ = {isa = PBXFileReference; lastKnownFileType = text.plist.xml; path = Info.plist; sourceTree = "<group>"; };
		0D44C1C41DE0A33200527BF5 /* ArtWallLoginHelper.entitlements */ = {isa = PBXFileReference; lastKnownFileType = text.plist.entitlements; path = ArtWallLoginHelper.entitlements; sourceTree = "<group>"; };
		0D78B3171DE0A8C7006EC4C2 /* JZSettingsViewController.h */ = {isa = PBXFileReference; fileEncoding = 4; lastKnownFileType = sourcecode.c.h; path = JZSettingsViewController.h; sourceTree = "<group>"; };
		0D78B3181DE0A8C7006EC4C2 /* JZSettingsViewController.m */ = {isa = PBXFileReference; fileEncoding = 4; lastKnownFileType = sourcecode.c.objc; path = JZSettingsViewController.m; sourceTree = "<group>"; };
		0D78B3191DE0A8C7006EC4C2 /* JZSettingsViewController.xib */ = {isa = PBXFileReference; fileEncoding = 4; lastKnownFileType = file.xib; path = JZSettingsViewController.xib; sourceTree = "<group>"; };
		0D78B31C1DE0ACC2006EC4C2 /* JZLaunchOnLoginManager.h */ = {isa = PBXFileReference; fileEncoding = 4; lastKnownFileType = sourcecode.c.h; path = JZLaunchOnLoginManager.h; sourceTree = "<group>"; };
		0D78B31D1DE0ACC2006EC4C2 /* JZLaunchOnLoginManager.m */ = {isa = PBXFileReference; fileEncoding = 4; lastKnownFileType = sourcecode.c.objc; path = JZLaunchOnLoginManager.m; sourceTree = "<group>"; };
		0D79DE83AF62B2D8A7DB7BA4 /* Pods-ArtWallUITests.debug.xcconfig */ = {isa = PBXFileReference; includeInIndex = 1; lastKnownFileType = text.xcconfig; name = "Pods-ArtWallUITests.debug.xcconfig"; path = "Pods/Target Support Files/Pods-ArtWallUITests/Pods-ArtWallUITests.debug.xcconfig"; sourceTree = "<group>"; };
		0D8742C47D615CE9FC17531D /* Pods-ASWPTests.debug.xcconfig */ = {isa = PBXFileReference; includeInIndex = 1; lastKnownFileType = text.xcconfig; name = "Pods-ASWPTests.debug.xcconfig"; path = "Pods/Target Support Files/Pods-ASWPTests/Pods-ASWPTests.debug.xcconfig"; sourceTree = "<group>"; };
		0D98A29B1DE06B7B00B47DCD /* ServiceManagement.framework */ = {isa = PBXFileReference; lastKnownFileType = wrapper.framework; name = ServiceManagement.framework; path = System/Library/Frameworks/ServiceManagement.framework; sourceTree = SDKROOT; };
		0D98A2E21DE06D4D00B47DCD /* StartAtLoginController.h */ = {isa = PBXFileReference; fileEncoding = 4; lastKnownFileType = sourcecode.c.h; path = StartAtLoginController.h; sourceTree = "<group>"; };
		0D98A2E31DE06D4D00B47DCD /* StartAtLoginController.m */ = {isa = PBXFileReference; fileEncoding = 4; lastKnownFileType = sourcecode.c.objc; path = StartAtLoginController.m; sourceTree = "<group>"; };
		16D93B27203E75306598E07F /* Pods-ASWP.release.xcconfig */ = {isa = PBXFileReference; includeInIndex = 1; lastKnownFileType = text.xcconfig; name = "Pods-ASWP.release.xcconfig"; path = "Pods/Target Support Files/Pods-ASWP/Pods-ASWP.release.xcconfig"; sourceTree = "<group>"; };
		2F31D0009AB8E1009442A3BA /* Pods-ASWP.debug.xcconfig */ = {isa = PBXFileReference; includeInIndex = 1; lastKnownFileType = text.xcconfig; name = "Pods-ASWP.debug.xcconfig"; path = "Pods/Target Support Files/Pods-ASWP/Pods-ASWP.debug.xcconfig"; sourceTree = "<group>"; };
		3FB3FF8153E86B817F478FF7 /* Pods-ASWPTests.release.xcconfig */ = {isa = PBXFileReference; includeInIndex = 1; lastKnownFileType = text.xcconfig; name = "Pods-ASWPTests.release.xcconfig"; path = "Pods/Target Support Files/Pods-ASWPTests/Pods-ASWPTests.release.xcconfig"; sourceTree = "<group>"; };
		46E3FAF746D248EA54D66160 /* libPods-ASWPTests.a */ = {isa = PBXFileReference; explicitFileType = archive.ar; includeInIndex = 0; path = "libPods-ASWPTests.a"; sourceTree = BUILT_PRODUCTS_DIR; };
		512A7F5303DE235C43F2F72E /* libPods-ArtWallTests.a */ = {isa = PBXFileReference; explicitFileType = archive.ar; includeInIndex = 0; path = "libPods-ArtWallTests.a"; sourceTree = BUILT_PRODUCTS_DIR; };
		55CDEC5865A49D80EFF8E315 /* libPods-ASWPUITests.a */ = {isa = PBXFileReference; explicitFileType = archive.ar; includeInIndex = 0; path = "libPods-ASWPUITests.a"; sourceTree = BUILT_PRODUCTS_DIR; };
		659AA4B634094CFCBB28A64D /* Pods-ASWPUITests.release.xcconfig */ = {isa = PBXFileReference; includeInIndex = 1; lastKnownFileType = text.xcconfig; name = "Pods-ASWPUITests.release.xcconfig"; path = "Pods/Target Support Files/Pods-ASWPUITests/Pods-ASWPUITests.release.xcconfig"; sourceTree = "<group>"; };
		94F197F84F0EF14E3D9C74D0 /* libPods-ASWP.a */ = {isa = PBXFileReference; explicitFileType = archive.ar; includeInIndex = 0; path = "libPods-ASWP.a"; sourceTree = BUILT_PRODUCTS_DIR; };
		99F262CBD00AA67CE9EEAA36 /* libPods-ArtWallUITests.a */ = {isa = PBXFileReference; explicitFileType = archive.ar; includeInIndex = 0; path = "libPods-ArtWallUITests.a"; sourceTree = BUILT_PRODUCTS_DIR; };
		9D42D557AC808502055816AB /* Pods-ArtWall.debug.xcconfig */ = {isa = PBXFileReference; includeInIndex = 1; lastKnownFileType = text.xcconfig; name = "Pods-ArtWall.debug.xcconfig"; path = "Pods/Target Support Files/Pods-ArtWall/Pods-ArtWall.debug.xcconfig"; sourceTree = "<group>"; };
		ABE8769FDDF7C01CBDD15502 /* Pods-ArtWallTests.release.xcconfig */ = {isa = PBXFileReference; includeInIndex = 1; lastKnownFileType = text.xcconfig; name = "Pods-ArtWallTests.release.xcconfig"; path = "Pods/Target Support Files/Pods-ArtWallTests/Pods-ArtWallTests.release.xcconfig"; sourceTree = "<group>"; };
		B82189979598417FE5534D5F /* Pods-ArtWallUITests.release.xcconfig */ = {isa = PBXFileReference; includeInIndex = 1; lastKnownFileType = text.xcconfig; name = "Pods-ArtWallUITests.release.xcconfig"; path = "Pods/Target Support Files/Pods-ArtWallUITests/Pods-ArtWallUITests.release.xcconfig"; sourceTree = "<group>"; };
		BCA44BCAF79B76311739FF04 /* Pods-ASWPUITests.debug.xcconfig */ = {isa = PBXFileReference; includeInIndex = 1; lastKnownFileType = text.xcconfig; name = "Pods-ASWPUITests.debug.xcconfig"; path = "Pods/Target Support Files/Pods-ASWPUITests/Pods-ASWPUITests.debug.xcconfig"; sourceTree = "<group>"; };
		DD5E7592D323DC7DE9ED4395 /* Pods-ArtWall.release.xcconfig */ = {isa = PBXFileReference; includeInIndex = 1; lastKnownFileType = text.xcconfig; name = "Pods-ArtWall.release.xcconfig"; path = "Pods/Target Support Files/Pods-ArtWall/Pods-ArtWall.release.xcconfig"; sourceTree = "<group>"; };
		F2C0C5859BF57E4A7E995830 /* Pods-ArtWallTests.debug.xcconfig */ = {isa = PBXFileReference; includeInIndex = 1; lastKnownFileType = text.xcconfig; name = "Pods-ArtWallTests.debug.xcconfig"; path = "Pods/Target Support Files/Pods-ArtWallTests/Pods-ArtWallTests.debug.xcconfig"; sourceTree = "<group>"; };
/* End PBXFileReference section */

/* Begin PBXFrameworksBuildPhase section */
		0D3918851DDE0E0600CF0313 /* Frameworks */ = {
			isa = PBXFrameworksBuildPhase;
			buildActionMask = 2147483647;
			files = (
				0DC6005A1DE084A200091598 /* ServiceManagement.framework in Frameworks */,
				2DFE6ECED4653E3736F1686D /* libPods-ArtWall.a in Frameworks */,
			);
			runOnlyForDeploymentPostprocessing = 0;
		};
		0D3918981DDE0E0600CF0313 /* Frameworks */ = {
			isa = PBXFrameworksBuildPhase;
			buildActionMask = 2147483647;
			files = (
				FECE81AF5BE77D4CCBAE2F94 /* libPods-ASWPTests.a in Frameworks */,
				CB748A8E38415CA872889BAC /* libPods-ArtWallTests.a in Frameworks */,
			);
			runOnlyForDeploymentPostprocessing = 0;
		};
		0D3918A31DDE0E0600CF0313 /* Frameworks */ = {
			isa = PBXFrameworksBuildPhase;
			buildActionMask = 2147483647;
			files = (
				6CB73173FEF5EB0CEA043942 /* libPods-ASWPUITests.a in Frameworks */,
				36B99C817A9E64E64D707C75 /* libPods-ArtWallUITests.a in Frameworks */,
			);
			runOnlyForDeploymentPostprocessing = 0;
		};
		0D44C1AF1DE0A2B000527BF5 /* Frameworks */ = {
			isa = PBXFrameworksBuildPhase;
			buildActionMask = 2147483647;
			files = (
			);
			runOnlyForDeploymentPostprocessing = 0;
		};
/* End PBXFrameworksBuildPhase section */

/* Begin PBXGroup section */
		0D39187F1DDE0E0600CF0313 = {
			isa = PBXGroup;
			children = (
				0D39188A1DDE0E0600CF0313 /* ASWP */,
				0D39189E1DDE0E0600CF0313 /* ASWPTests */,
				0D3918A91DDE0E0600CF0313 /* ASWPUITests */,
				0D44C1B31DE0A2B000527BF5 /* ArtWallLoginHelper */,
				0D3918891DDE0E0600CF0313 /* Products */,
				FC215BE418428F21C43B594F /* Pods */,
				70223849FE4F4794C3C90FEA /* Frameworks */,
			);
			sourceTree = "<group>";
		};
		0D3918891DDE0E0600CF0313 /* Products */ = {
			isa = PBXGroup;
			children = (
				0D3918881DDE0E0600CF0313 /* ArtWall.app */,
				0D39189B1DDE0E0600CF0313 /* ArtWallTests.xctest */,
				0D3918A61DDE0E0600CF0313 /* ArtWallUITests.xctest */,
				0D44C1B21DE0A2B000527BF5 /* ArtWallLoginHelper.app */,
			);
			name = Products;
			sourceTree = "<group>";
		};
		0D39188A1DDE0E0600CF0313 /* ASWP */ = {
			isa = PBXGroup;
			children = (
				0D3918B81DDE0E0C00CF0313 /* ASWP.entitlements */,
				0D39188B1DDE0E0600CF0313 /* AppDelegate.h */,
				0D39188C1DDE0E0600CF0313 /* AppDelegate.m */,
				0D3918931DDE0E0600CF0313 /* MainMenu.xib */,
				0D3918C21DDE23C200CF0313 /* Data */,
				0D3918CE1DDE422700CF0313 /* View */,
				0D3918BE1DDE238500CF0313 /* Controllers */,
				0D3918911DDE0E0600CF0313 /* Assets.xcassets */,
				0D3918961DDE0E0600CF0313 /* Info.plist */,
				0D39188E1DDE0E0600CF0313 /* Supporting Files */,
			);
			path = ASWP;
			sourceTree = "<group>";
		};
		0D39188E1DDE0E0600CF0313 /* Supporting Files */ = {
			isa = PBXGroup;
			children = (
				0D39188F1DDE0E0600CF0313 /* main.m */,
			);
			name = "Supporting Files";
			sourceTree = "<group>";
		};
		0D39189E1DDE0E0600CF0313 /* ASWPTests */ = {
			isa = PBXGroup;
			children = (
				0D39189F1DDE0E0600CF0313 /* ASWPTests.m */,
				0D3918A11DDE0E0600CF0313 /* Info.plist */,
			);
			path = ASWPTests;
			sourceTree = "<group>";
		};
		0D3918A91DDE0E0600CF0313 /* ASWPUITests */ = {
			isa = PBXGroup;
			children = (
				0D3918AA1DDE0E0600CF0313 /* ASWPUITests.m */,
				0D3918AC1DDE0E0600CF0313 /* Info.plist */,
			);
			path = ASWPUITests;
			sourceTree = "<group>";
		};
		0D3918BE1DDE238500CF0313 /* Controllers */ = {
			isa = PBXGroup;
			children = (
				0D3918B91DDE0EF900CF0313 /* JZWallPaperMainViewController.h */,
				0D3918BA1DDE0EF900CF0313 /* JZWallPaperMainViewController.m */,
				0D3918BB1DDE0EF900CF0313 /* JZWallPaperMainViewController.xib */,
				0D3918C91DDE422400CF0313 /* JZWallPaperCollectionViewItem.h */,
				0D3918CA1DDE422400CF0313 /* JZWallPaperCollectionViewItem.m */,
				0D3918CB1DDE422400CF0313 /* JZWallPaperCollectionViewItem.xib */,
				0D78B3171DE0A8C7006EC4C2 /* JZSettingsViewController.h */,
				0D78B3181DE0A8C7006EC4C2 /* JZSettingsViewController.m */,
				0D78B3191DE0A8C7006EC4C2 /* JZSettingsViewController.xib */,
			);
			name = Controllers;
			sourceTree = "<group>";
		};
		0D3918C21DDE23C200CF0313 /* Data */ = {
			isa = PBXGroup;
			children = (
				0D98A2E21DE06D4D00B47DCD /* StartAtLoginController.h */,
				0D98A2E31DE06D4D00B47DCD /* StartAtLoginController.m */,
				0D78B31C1DE0ACC2006EC4C2 /* JZLaunchOnLoginManager.h */,
				0D78B31D1DE0ACC2006EC4C2 /* JZLaunchOnLoginManager.m */,
				0D3918C31DDE244B00CF0313 /* XMLDictionary.h */,
				0D3918C41DDE244B00CF0313 /* XMLDictionary.m */,
				0D3918BF1DDE23BC00CF0313 /* JZASDataManager.h */,
				0D3918C01DDE23BC00CF0313 /* JZASDataManager.m */,
				0D3918C61DDE35CD00CF0313 /* JZASArtworkModel.h */,
				0D3918C71DDE35CD00CF0313 /* JZASArtworkModel.m */,
				0D3918D71DDF3E0C00CF0313 /* JZScreensManager.h */,
				0D3918D81DDF3E0C00CF0313 /* JZScreensManager.m */,
				0D3918DA1DDF635600CF0313 /* JZScreensModel.h */,
				0D3918DB1DDF635600CF0313 /* JZScreensModel.m */,
				0D3918DD1DDF79AD00CF0313 /* JZWallPaperManager.h */,
				0D3918DE1DDF79AD00CF0313 /* JZWallPaperManager.m */,
			);
			name = Data;
			sourceTree = "<group>";
		};
		0D3918CE1DDE422700CF0313 /* View */ = {
			isa = PBXGroup;
			children = (
				0D3918CF1DDEE15A00CF0313 /* JZWallPaperCollectionItemView.h */,
				0D3918D01DDEE15A00CF0313 /* JZWallPaperCollectionItemView.m */,
				0D3918D41DDF2E3E00CF0313 /* JZWallPaperCollectionHeaderView.h */,
				0D3918D51DDF2E3E00CF0313 /* JZWallPaperCollectionHeaderView.m */,
				0D3918D21DDF2E0B00CF0313 /* JZWallPaperCollectionHeaderView.xib */,
				0D3918E01DDF951F00CF0313 /* JZWallPaperCollectionItemQuickScreenSetView.h */,
				0D3918E11DDF951F00CF0313 /* JZWallPaperCollectionItemQuickScreenSetView.m */,
			);
			name = View;
			sourceTree = "<group>";
		};
		0D44C1B31DE0A2B000527BF5 /* ArtWallLoginHelper */ = {
			isa = PBXGroup;
			children = (
				0D44C1C41DE0A33200527BF5 /* ArtWallLoginHelper.entitlements */,
				0D44C1B41DE0A2B000527BF5 /* AppDelegate.h */,
				0D44C1B51DE0A2B000527BF5 /* AppDelegate.m */,
				0D44C1BA1DE0A2B000527BF5 /* Assets.xcassets */,
				0D44C1BC1DE0A2B000527BF5 /* MainMenu.xib */,
				0D44C1BF1DE0A2B000527BF5 /* Info.plist */,
				0D44C1B71DE0A2B000527BF5 /* Supporting Files */,
			);
			path = ArtWallLoginHelper;
			sourceTree = "<group>";
		};
		0D44C1B71DE0A2B000527BF5 /* Supporting Files */ = {
			isa = PBXGroup;
			children = (
				0D44C1B81DE0A2B000527BF5 /* main.m */,
			);
			name = "Supporting Files";
			sourceTree = "<group>";
		};
		70223849FE4F4794C3C90FEA /* Frameworks */ = {
			isa = PBXGroup;
			children = (
				0D98A29B1DE06B7B00B47DCD /* ServiceManagement.framework */,
				94F197F84F0EF14E3D9C74D0 /* libPods-ASWP.a */,
				46E3FAF746D248EA54D66160 /* libPods-ASWPTests.a */,
				55CDEC5865A49D80EFF8E315 /* libPods-ASWPUITests.a */,
				0BB3A5A06C082754D535508A /* libPods-ArtWall.a */,
				512A7F5303DE235C43F2F72E /* libPods-ArtWallTests.a */,
				99F262CBD00AA67CE9EEAA36 /* libPods-ArtWallUITests.a */,
			);
			name = Frameworks;
			sourceTree = "<group>";
		};
		FC215BE418428F21C43B594F /* Pods */ = {
			isa = PBXGroup;
			children = (
				2F31D0009AB8E1009442A3BA /* Pods-ASWP.debug.xcconfig */,
				16D93B27203E75306598E07F /* Pods-ASWP.release.xcconfig */,
				0D8742C47D615CE9FC17531D /* Pods-ASWPTests.debug.xcconfig */,
				3FB3FF8153E86B817F478FF7 /* Pods-ASWPTests.release.xcconfig */,
				BCA44BCAF79B76311739FF04 /* Pods-ASWPUITests.debug.xcconfig */,
				659AA4B634094CFCBB28A64D /* Pods-ASWPUITests.release.xcconfig */,
				9D42D557AC808502055816AB /* Pods-ArtWall.debug.xcconfig */,
				DD5E7592D323DC7DE9ED4395 /* Pods-ArtWall.release.xcconfig */,
				F2C0C5859BF57E4A7E995830 /* Pods-ArtWallTests.debug.xcconfig */,
				ABE8769FDDF7C01CBDD15502 /* Pods-ArtWallTests.release.xcconfig */,
				0D79DE83AF62B2D8A7DB7BA4 /* Pods-ArtWallUITests.debug.xcconfig */,
				B82189979598417FE5534D5F /* Pods-ArtWallUITests.release.xcconfig */,
			);
			name = Pods;
			sourceTree = "<group>";
		};
/* End PBXGroup section */

/* Begin PBXNativeTarget section */
		0D3918871DDE0E0600CF0313 /* ArtWall */ = {
			isa = PBXNativeTarget;
			buildConfigurationList = 0D3918AF1DDE0E0600CF0313 /* Build configuration list for PBXNativeTarget "ArtWall" */;
			buildPhases = (
				E8579CFE02752D127D59AD67 /* [CP] Check Pods Manifest.lock */,
				0D3918841DDE0E0600CF0313 /* Sources */,
				0D3918851DDE0E0600CF0313 /* Frameworks */,
				0D3918861DDE0E0600CF0313 /* Resources */,
				54B9B4FD0022FF0A7C6C2EDD /* [CP] Embed Pods Frameworks */,
				27D6357FFBC94DC1BC474086 /* [CP] Copy Pods Resources */,
				0D98A29A1DE0693200B47DCD /* ShellScript */,
				0D98A2E51DE06DC900B47DCD /* CopyFiles */,
				0D2B7F2E1DFF82E900737858 /* ShellScript */,
			);
			buildRules = (
			);
			dependencies = (
			);
			name = ArtWall;
			productName = ASWP;
			productReference = 0D3918881DDE0E0600CF0313 /* ArtWall.app */;
			productType = "com.apple.product-type.application";
		};
		0D39189A1DDE0E0600CF0313 /* ArtWallTests */ = {
			isa = PBXNativeTarget;
			buildConfigurationList = 0D3918B21DDE0E0600CF0313 /* Build configuration list for PBXNativeTarget "ArtWallTests" */;
			buildPhases = (
				582486DB64AA48B2628B64AF /* [CP] Check Pods Manifest.lock */,
				0D3918971DDE0E0600CF0313 /* Sources */,
				0D3918981DDE0E0600CF0313 /* Frameworks */,
				0D3918991DDE0E0600CF0313 /* Resources */,
				905525C4AECFAFC6B9050574 /* [CP] Embed Pods Frameworks */,
				8C8AB0D6A163637F6B890A91 /* [CP] Copy Pods Resources */,
			);
			buildRules = (
			);
			dependencies = (
				0D39189D1DDE0E0600CF0313 /* PBXTargetDependency */,
			);
			name = ArtWallTests;
			productName = ASWPTests;
			productReference = 0D39189B1DDE0E0600CF0313 /* ArtWallTests.xctest */;
			productType = "com.apple.product-type.bundle.unit-test";
		};
		0D3918A51DDE0E0600CF0313 /* ArtWallUITests */ = {
			isa = PBXNativeTarget;
			buildConfigurationList = 0D3918B51DDE0E0600CF0313 /* Build configuration list for PBXNativeTarget "ArtWallUITests" */;
			buildPhases = (
				A0336D8A7DD53FFA515F55AB /* [CP] Check Pods Manifest.lock */,
				0D3918A21DDE0E0600CF0313 /* Sources */,
				0D3918A31DDE0E0600CF0313 /* Frameworks */,
				0D3918A41DDE0E0600CF0313 /* Resources */,
				877D8511E1231B0895780B2D /* [CP] Embed Pods Frameworks */,
				F26287401B74BFEE0272015A /* [CP] Copy Pods Resources */,
			);
			buildRules = (
			);
			dependencies = (
				0D3918A81DDE0E0600CF0313 /* PBXTargetDependency */,
			);
			name = ArtWallUITests;
			productName = ASWPUITests;
			productReference = 0D3918A61DDE0E0600CF0313 /* ArtWallUITests.xctest */;
			productType = "com.apple.product-type.bundle.ui-testing";
		};
		0D44C1B11DE0A2B000527BF5 /* ArtWallLoginHelper */ = {
			isa = PBXNativeTarget;
			buildConfigurationList = 0D44C1C01DE0A2B000527BF5 /* Build configuration list for PBXNativeTarget "ArtWallLoginHelper" */;
			buildPhases = (
				0D44C1AE1DE0A2B000527BF5 /* Sources */,
				0D44C1AF1DE0A2B000527BF5 /* Frameworks */,
				0D44C1B01DE0A2B000527BF5 /* Resources */,
			);
			buildRules = (
			);
			dependencies = (
			);
			name = ArtWallLoginHelper;
			productName = ArtWallLoginHelper;
			productReference = 0D44C1B21DE0A2B000527BF5 /* ArtWallLoginHelper.app */;
			productType = "com.apple.product-type.application";
		};
/* End PBXNativeTarget section */

/* Begin PBXProject section */
		0D3918801DDE0E0600CF0313 /* Project object */ = {
			isa = PBXProject;
			attributes = {
				LastUpgradeCheck = 0810;
				ORGANIZATIONNAME = "Justin Fincher";
				TargetAttributes = {
					0D3918871DDE0E0600CF0313 = {
						CreatedOnToolsVersion = 8.1;
						DevelopmentTeam = 9QJ8M25J77;
						ProvisioningStyle = Automatic;
						SystemCapabilities = {
							com.apple.Sandbox = {
								enabled = 1;
							};
						};
					};
					0D39189A1DDE0E0600CF0313 = {
						CreatedOnToolsVersion = 8.1;
						DevelopmentTeam = 9QJ8M25J77;
						ProvisioningStyle = Automatic;
						TestTargetID = 0D3918871DDE0E0600CF0313;
					};
					0D3918A51DDE0E0600CF0313 = {
						CreatedOnToolsVersion = 8.1;
						DevelopmentTeam = 9QJ8M25J77;
						ProvisioningStyle = Automatic;
						TestTargetID = 0D3918871DDE0E0600CF0313;
					};
					0D44C1B11DE0A2B000527BF5 = {
						CreatedOnToolsVersion = 8.1;
						DevelopmentTeam = 9QJ8M25J77;
						ProvisioningStyle = Automatic;
						SystemCapabilities = {
							com.apple.Sandbox = {
								enabled = 1;
							};
						};
					};
				};
			};
			buildConfigurationList = 0D3918831DDE0E0600CF0313 /* Build configuration list for PBXProject "ArtWall" */;
			compatibilityVersion = "Xcode 3.2";
			developmentRegion = English;
			hasScannedForEncodings = 0;
			knownRegions = (
				en,
				Base,
			);
			mainGroup = 0D39187F1DDE0E0600CF0313;
			productRefGroup = 0D3918891DDE0E0600CF0313 /* Products */;
			projectDirPath = "";
			projectRoot = "";
			targets = (
				0D3918871DDE0E0600CF0313 /* ArtWall */,
				0D39189A1DDE0E0600CF0313 /* ArtWallTests */,
				0D3918A51DDE0E0600CF0313 /* ArtWallUITests */,
				0D44C1B11DE0A2B000527BF5 /* ArtWallLoginHelper */,
			);
		};
/* End PBXProject section */

/* Begin PBXResourcesBuildPhase section */
		0D3918861DDE0E0600CF0313 /* Resources */ = {
			isa = PBXResourcesBuildPhase;
			buildActionMask = 2147483647;
			files = (
				0D3918D31DDF2E0B00CF0313 /* JZWallPaperCollectionHeaderView.xib in Resources */,
				0D3918CD1DDE422400CF0313 /* JZWallPaperCollectionViewItem.xib in Resources */,
				0D3918BD1DDE0EF900CF0313 /* JZWallPaperMainViewController.xib in Resources */,
				0D3918921DDE0E0600CF0313 /* Assets.xcassets in Resources */,
				0D3918951DDE0E0600CF0313 /* MainMenu.xib in Resources */,
				0D78B31B1DE0A8C7006EC4C2 /* JZSettingsViewController.xib in Resources */,
			);
			runOnlyForDeploymentPostprocessing = 0;
		};
		0D3918991DDE0E0600CF0313 /* Resources */ = {
			isa = PBXResourcesBuildPhase;
			buildActionMask = 2147483647;
			files = (
			);
			runOnlyForDeploymentPostprocessing = 0;
		};
		0D3918A41DDE0E0600CF0313 /* Resources */ = {
			isa = PBXResourcesBuildPhase;
			buildActionMask = 2147483647;
			files = (
			);
			runOnlyForDeploymentPostprocessing = 0;
		};
		0D44C1B01DE0A2B000527BF5 /* Resources */ = {
			isa = PBXResourcesBuildPhase;
			buildActionMask = 2147483647;
			files = (
				0D44C1BB1DE0A2B000527BF5 /* Assets.xcassets in Resources */,
				0D44C1BE1DE0A2B000527BF5 /* MainMenu.xib in Resources */,
			);
			runOnlyForDeploymentPostprocessing = 0;
		};
/* End PBXResourcesBuildPhase section */

/* Begin PBXShellScriptBuildPhase section */
		0D2B7F2E1DFF82E900737858 /* ShellScript */ = {
			isa = PBXShellScriptBuildPhase;
			buildActionMask = 2147483647;
			files = (
			);
			inputPaths = (
			);
			outputPaths = (
			);
			runOnlyForDeploymentPostprocessing = 0;
			shellPath = /bin/sh;
			shellScript = "\"${PODS_ROOT}/Fabric/run\" a16b406fd4e2436ed428a29739ef5d3c14fb0569 c8d93fa2d50501a4777180b0094f40eaa2e24282ffe23af26ca2448d10487bc5";
		};
		0D98A29A1DE0693200B47DCD /* ShellScript */ = {
			isa = PBXShellScriptBuildPhase;
			buildActionMask = 2147483647;
			files = (
			);
			inputPaths = (
			);
			outputPaths = (
			);
			runOnlyForDeploymentPostprocessing = 0;
			shellPath = /bin/sh;
			shellScript = "\n# xcode-build-bump.sh\n# @desc Auto-increment the build number every time the project is run.\n# @usage\n# 1. Select: your Target in Xcode\n# 2. Select: Build Phases Tab\n# 3. Select: Add Build Phase -> Add Run Script\n# 4. Paste code below in to new \"Run Script\" section\n# 5. Drag the \"Run Script\" below \"Link Binaries With Libraries\"\n# 6. Insure that your starting build number is set to a whole integer and not a float (e.g. 1, not 1.0)\n\nbuildNumber=$(/usr/libexec/PlistBuddy -c \"Print CFBundleVersion\" \"${PROJECT_DIR}/${INFOPLIST_FILE}\")\nbuildNumber=$(($buildNumber + 1))\n/usr/libexec/PlistBuddy -c \"Set :CFBundleVersion $buildNumber\" \"${PROJECT_DIR}/${INFOPLIST_FILE}\"\n";
		};
		27D6357FFBC94DC1BC474086 /* [CP] Copy Pods Resources */ = {
			isa = PBXShellScriptBuildPhase;
			buildActionMask = 2147483647;
			files = (
			);
			inputPaths = (
				"${SRCROOT}/Pods/Target Support Files/Pods-ArtWall/Pods-ArtWall-resources.sh",
				"${PODS_ROOT}/DateTools/DateTools/DateTools/DateTools.bundle",
			);
			name = "[CP] Copy Pods Resources";
			outputPaths = (
				"${TARGET_BUILD_DIR}/${UNLOCALIZED_RESOURCES_FOLDER_PATH}",
			);
			runOnlyForDeploymentPostprocessing = 0;
			shellPath = /bin/sh;
			shellScript = "\"${SRCROOT}/Pods/Target Support Files/Pods-ArtWall/Pods-ArtWall-resources.sh\"\n";
			showEnvVarsInLog = 0;
		};
		54B9B4FD0022FF0A7C6C2EDD /* [CP] Embed Pods Frameworks */ = {
			isa = PBXShellScriptBuildPhase;
			buildActionMask = 2147483647;
			files = (
			);
			inputPaths = (
			);
			name = "[CP] Embed Pods Frameworks";
			outputPaths = (
			);
			runOnlyForDeploymentPostprocessing = 0;
			shellPath = /bin/sh;
			shellScript = "\"${SRCROOT}/Pods/Target Support Files/Pods-ArtWall/Pods-ArtWall-frameworks.sh\"\n";
			showEnvVarsInLog = 0;
		};
		582486DB64AA48B2628B64AF /* [CP] Check Pods Manifest.lock */ = {
			isa = PBXShellScriptBuildPhase;
			buildActionMask = 2147483647;
			files = (
			);
			inputPaths = (
				"${PODS_PODFILE_DIR_PATH}/Podfile.lock",
				"${PODS_ROOT}/Manifest.lock",
			);
			name = "[CP] Check Pods Manifest.lock";
			outputPaths = (
				"$(DERIVED_FILE_DIR)/Pods-ArtWallTests-checkManifestLockResult.txt",
			);
			runOnlyForDeploymentPostprocessing = 0;
			shellPath = /bin/sh;
			shellScript = "diff \"${PODS_PODFILE_DIR_PATH}/Podfile.lock\" \"${PODS_ROOT}/Manifest.lock\" > /dev/null\nif [ $? != 0 ] ; then\n    # print error to STDERR\n    echo \"error: The sandbox is not in sync with the Podfile.lock. Run 'pod install' or update your CocoaPods installation.\" >&2\n    exit 1\nfi\n# This output is used by Xcode 'outputs' to avoid re-running this script phase.\necho \"SUCCESS\" > \"${SCRIPT_OUTPUT_FILE_0}\"\n";
			showEnvVarsInLog = 0;
		};
		877D8511E1231B0895780B2D /* [CP] Embed Pods Frameworks */ = {
			isa = PBXShellScriptBuildPhase;
			buildActionMask = 2147483647;
			files = (
			);
			inputPaths = (
			);
			name = "[CP] Embed Pods Frameworks";
			outputPaths = (
			);
			runOnlyForDeploymentPostprocessing = 0;
			shellPath = /bin/sh;
			shellScript = "\"${SRCROOT}/Pods/Target Support Files/Pods-ArtWallUITests/Pods-ArtWallUITests-frameworks.sh\"\n";
			showEnvVarsInLog = 0;
		};
		8C8AB0D6A163637F6B890A91 /* [CP] Copy Pods Resources */ = {
			isa = PBXShellScriptBuildPhase;
			buildActionMask = 2147483647;
			files = (
			);
			inputPaths = (
			);
			name = "[CP] Copy Pods Resources";
			outputPaths = (
			);
			runOnlyForDeploymentPostprocessing = 0;
			shellPath = /bin/sh;
			shellScript = "\"${SRCROOT}/Pods/Target Support Files/Pods-ArtWallTests/Pods-ArtWallTests-resources.sh\"\n";
			showEnvVarsInLog = 0;
		};
		905525C4AECFAFC6B9050574 /* [CP] Embed Pods Frameworks */ = {
			isa = PBXShellScriptBuildPhase;
			buildActionMask = 2147483647;
			files = (
			);
			inputPaths = (
			);
			name = "[CP] Embed Pods Frameworks";
			outputPaths = (
			);
			runOnlyForDeploymentPostprocessing = 0;
			shellPath = /bin/sh;
			shellScript = "\"${SRCROOT}/Pods/Target Support Files/Pods-ArtWallTests/Pods-ArtWallTests-frameworks.sh\"\n";
			showEnvVarsInLog = 0;
		};
		A0336D8A7DD53FFA515F55AB /* [CP] Check Pods Manifest.lock */ = {
			isa = PBXShellScriptBuildPhase;
			buildActionMask = 2147483647;
			files = (
			);
			inputPaths = (
				"${PODS_PODFILE_DIR_PATH}/Podfile.lock",
				"${PODS_ROOT}/Manifest.lock",
			);
			name = "[CP] Check Pods Manifest.lock";
			outputPaths = (
				"$(DERIVED_FILE_DIR)/Pods-ArtWallUITests-checkManifestLockResult.txt",
			);
			runOnlyForDeploymentPostprocessing = 0;
			shellPath = /bin/sh;
			shellScript = "diff \"${PODS_PODFILE_DIR_PATH}/Podfile.lock\" \"${PODS_ROOT}/Manifest.lock\" > /dev/null\nif [ $? != 0 ] ; then\n    # print error to STDERR\n    echo \"error: The sandbox is not in sync with the Podfile.lock. Run 'pod install' or update your CocoaPods installation.\" >&2\n    exit 1\nfi\n# This output is used by Xcode 'outputs' to avoid re-running this script phase.\necho \"SUCCESS\" > \"${SCRIPT_OUTPUT_FILE_0}\"\n";
			showEnvVarsInLog = 0;
		};
		E8579CFE02752D127D59AD67 /* [CP] Check Pods Manifest.lock */ = {
			isa = PBXShellScriptBuildPhase;
			buildActionMask = 2147483647;
			files = (
			);
			inputPaths = (
				"${PODS_PODFILE_DIR_PATH}/Podfile.lock",
				"${PODS_ROOT}/Manifest.lock",
			);
			name = "[CP] Check Pods Manifest.lock";
			outputPaths = (
				"$(DERIVED_FILE_DIR)/Pods-ArtWall-checkManifestLockResult.txt",
			);
			runOnlyForDeploymentPostprocessing = 0;
			shellPath = /bin/sh;
			shellScript = "diff \"${PODS_PODFILE_DIR_PATH}/Podfile.lock\" \"${PODS_ROOT}/Manifest.lock\" > /dev/null\nif [ $? != 0 ] ; then\n    # print error to STDERR\n    echo \"error: The sandbox is not in sync with the Podfile.lock. Run 'pod install' or update your CocoaPods installation.\" >&2\n    exit 1\nfi\n# This output is used by Xcode 'outputs' to avoid re-running this script phase.\necho \"SUCCESS\" > \"${SCRIPT_OUTPUT_FILE_0}\"\n";
			showEnvVarsInLog = 0;
		};
		F26287401B74BFEE0272015A /* [CP] Copy Pods Resources */ = {
			isa = PBXShellScriptBuildPhase;
			buildActionMask = 2147483647;
			files = (
			);
			inputPaths = (
			);
			name = "[CP] Copy Pods Resources";
			outputPaths = (
			);
			runOnlyForDeploymentPostprocessing = 0;
			shellPath = /bin/sh;
			shellScript = "\"${SRCROOT}/Pods/Target Support Files/Pods-ArtWallUITests/Pods-ArtWallUITests-resources.sh\"\n";
			showEnvVarsInLog = 0;
		};
/* End PBXShellScriptBuildPhase section */

/* Begin PBXSourcesBuildPhase section */
		0D3918841DDE0E0600CF0313 /* Sources */ = {
			isa = PBXSourcesBuildPhase;
			buildActionMask = 2147483647;
			files = (
				0D3918CC1DDE422400CF0313 /* JZWallPaperCollectionViewItem.m in Sources */,
				0D3918DC1DDF635600CF0313 /* JZScreensModel.m in Sources */,
				0D3918D61DDF2E3E00CF0313 /* JZWallPaperCollectionHeaderView.m in Sources */,
				0D78B31E1DE0ACC2006EC4C2 /* JZLaunchOnLoginManager.m in Sources */,
				0D3918C51DDE244B00CF0313 /* XMLDictionary.m in Sources */,
				0D3918901DDE0E0600CF0313 /* main.m in Sources */,
				0D3918C81DDE35CD00CF0313 /* JZASArtworkModel.m in Sources */,
				0D3918D91DDF3E0C00CF0313 /* JZScreensManager.m in Sources */,
				0D98A2E41DE06D4D00B47DCD /* StartAtLoginController.m in Sources */,
				0D3918D11DDEE15A00CF0313 /* JZWallPaperCollectionItemView.m in Sources */,
				0D78B31A1DE0A8C7006EC4C2 /* JZSettingsViewController.m in Sources */,
				0D3918C11DDE23BC00CF0313 /* JZASDataManager.m in Sources */,
				0D39188D1DDE0E0600CF0313 /* AppDelegate.m in Sources */,
				0D3918DF1DDF79AD00CF0313 /* JZWallPaperManager.m in Sources */,
				0D3918BC1DDE0EF900CF0313 /* JZWallPaperMainViewController.m in Sources */,
				0D3918E21DDF951F00CF0313 /* JZWallPaperCollectionItemQuickScreenSetView.m in Sources */,
			);
			runOnlyForDeploymentPostprocessing = 0;
		};
		0D3918971DDE0E0600CF0313 /* Sources */ = {
			isa = PBXSourcesBuildPhase;
			buildActionMask = 2147483647;
			files = (
				0D3918A01DDE0E0600CF0313 /* ASWPTests.m in Sources */,
			);
			runOnlyForDeploymentPostprocessing = 0;
		};
		0D3918A21DDE0E0600CF0313 /* Sources */ = {
			isa = PBXSourcesBuildPhase;
			buildActionMask = 2147483647;
			files = (
				0D3918AB1DDE0E0600CF0313 /* ASWPUITests.m in Sources */,
			);
			runOnlyForDeploymentPostprocessing = 0;
		};
		0D44C1AE1DE0A2B000527BF5 /* Sources */ = {
			isa = PBXSourcesBuildPhase;
			buildActionMask = 2147483647;
			files = (
				0D44C1B91DE0A2B000527BF5 /* main.m in Sources */,
				0D44C1B61DE0A2B000527BF5 /* AppDelegate.m in Sources */,
			);
			runOnlyForDeploymentPostprocessing = 0;
		};
/* End PBXSourcesBuildPhase section */

/* Begin PBXTargetDependency section */
		0D39189D1DDE0E0600CF0313 /* PBXTargetDependency */ = {
			isa = PBXTargetDependency;
			target = 0D3918871DDE0E0600CF0313 /* ArtWall */;
			targetProxy = 0D39189C1DDE0E0600CF0313 /* PBXContainerItemProxy */;
		};
		0D3918A81DDE0E0600CF0313 /* PBXTargetDependency */ = {
			isa = PBXTargetDependency;
			target = 0D3918871DDE0E0600CF0313 /* ArtWall */;
			targetProxy = 0D3918A71DDE0E0600CF0313 /* PBXContainerItemProxy */;
		};
/* End PBXTargetDependency section */

/* Begin PBXVariantGroup section */
		0D3918931DDE0E0600CF0313 /* MainMenu.xib */ = {
			isa = PBXVariantGroup;
			children = (
				0D3918941DDE0E0600CF0313 /* Base */,
			);
			name = MainMenu.xib;
			sourceTree = "<group>";
		};
		0D44C1BC1DE0A2B000527BF5 /* MainMenu.xib */ = {
			isa = PBXVariantGroup;
			children = (
				0D44C1BD1DE0A2B000527BF5 /* Base */,
			);
			name = MainMenu.xib;
			sourceTree = "<group>";
		};
/* End PBXVariantGroup section */

/* Begin XCBuildConfiguration section */
		0D3918AD1DDE0E0600CF0313 /* Debug */ = {
			isa = XCBuildConfiguration;
			buildSettings = {
				ALWAYS_SEARCH_USER_PATHS = NO;
				CLANG_ANALYZER_NONNULL = YES;
				CLANG_CXX_LANGUAGE_STANDARD = "gnu++0x";
				CLANG_CXX_LIBRARY = "libc++";
				CLANG_ENABLE_MODULES = YES;
				CLANG_ENABLE_OBJC_ARC = YES;
				CLANG_WARN_BOOL_CONVERSION = YES;
				CLANG_WARN_CONSTANT_CONVERSION = YES;
				CLANG_WARN_DIRECT_OBJC_ISA_USAGE = YES_ERROR;
				CLANG_WARN_DOCUMENTATION_COMMENTS = YES;
				CLANG_WARN_EMPTY_BODY = YES;
				CLANG_WARN_ENUM_CONVERSION = YES;
				CLANG_WARN_INFINITE_RECURSION = YES;
				CLANG_WARN_INT_CONVERSION = YES;
				CLANG_WARN_OBJC_ROOT_CLASS = YES_ERROR;
				CLANG_WARN_SUSPICIOUS_MOVES = YES;
				CLANG_WARN_UNREACHABLE_CODE = YES;
				CLANG_WARN__DUPLICATE_METHOD_MATCH = YES;
				CODE_SIGN_IDENTITY = "-";
				COPY_PHASE_STRIP = NO;
				DEBUG_INFORMATION_FORMAT = dwarf;
				ENABLE_STRICT_OBJC_MSGSEND = YES;
				ENABLE_TESTABILITY = YES;
				GCC_C_LANGUAGE_STANDARD = gnu99;
				GCC_DYNAMIC_NO_PIC = NO;
				GCC_NO_COMMON_BLOCKS = YES;
				GCC_OPTIMIZATION_LEVEL = 0;
				GCC_PREPROCESSOR_DEFINITIONS = (
					"DEBUG=1",
					"$(inherited)",
				);
				GCC_WARN_64_TO_32_BIT_CONVERSION = YES;
				GCC_WARN_ABOUT_RETURN_TYPE = YES_ERROR;
				GCC_WARN_UNDECLARED_SELECTOR = YES;
				GCC_WARN_UNINITIALIZED_AUTOS = YES_AGGRESSIVE;
				GCC_WARN_UNUSED_FUNCTION = YES;
				GCC_WARN_UNUSED_VARIABLE = YES;
				MACOSX_DEPLOYMENT_TARGET = 10.12;
				MTL_ENABLE_DEBUG_INFO = YES;
				ONLY_ACTIVE_ARCH = YES;
				PRODUCT_NAME = ArtWall;
				SDKROOT = macosx;
			};
			name = Debug;
		};
		0D3918AE1DDE0E0600CF0313 /* Release */ = {
			isa = XCBuildConfiguration;
			buildSettings = {
				ALWAYS_SEARCH_USER_PATHS = NO;
				CLANG_ANALYZER_NONNULL = YES;
				CLANG_CXX_LANGUAGE_STANDARD = "gnu++0x";
				CLANG_CXX_LIBRARY = "libc++";
				CLANG_ENABLE_MODULES = YES;
				CLANG_ENABLE_OBJC_ARC = YES;
				CLANG_WARN_BOOL_CONVERSION = YES;
				CLANG_WARN_CONSTANT_CONVERSION = YES;
				CLANG_WARN_DIRECT_OBJC_ISA_USAGE = YES_ERROR;
				CLANG_WARN_DOCUMENTATION_COMMENTS = YES;
				CLANG_WARN_EMPTY_BODY = YES;
				CLANG_WARN_ENUM_CONVERSION = YES;
				CLANG_WARN_INFINITE_RECURSION = YES;
				CLANG_WARN_INT_CONVERSION = YES;
				CLANG_WARN_OBJC_ROOT_CLASS = YES_ERROR;
				CLANG_WARN_SUSPICIOUS_MOVES = YES;
				CLANG_WARN_UNREACHABLE_CODE = YES;
				CLANG_WARN__DUPLICATE_METHOD_MATCH = YES;
				CODE_SIGN_IDENTITY = "-";
				COPY_PHASE_STRIP = NO;
				DEBUG_INFORMATION_FORMAT = "dwarf-with-dsym";
				ENABLE_NS_ASSERTIONS = NO;
				ENABLE_STRICT_OBJC_MSGSEND = YES;
				GCC_C_LANGUAGE_STANDARD = gnu99;
				GCC_NO_COMMON_BLOCKS = YES;
				GCC_WARN_64_TO_32_BIT_CONVERSION = YES;
				GCC_WARN_ABOUT_RETURN_TYPE = YES_ERROR;
				GCC_WARN_UNDECLARED_SELECTOR = YES;
				GCC_WARN_UNINITIALIZED_AUTOS = YES_AGGRESSIVE;
				GCC_WARN_UNUSED_FUNCTION = YES;
				GCC_WARN_UNUSED_VARIABLE = YES;
				MACOSX_DEPLOYMENT_TARGET = 10.12;
				MTL_ENABLE_DEBUG_INFO = NO;
				PRODUCT_NAME = ArtWall;
				SDKROOT = macosx;
			};
			name = Release;
		};
		0D3918B01DDE0E0600CF0313 /* Debug */ = {
			isa = XCBuildConfiguration;
			baseConfigurationReference = 9D42D557AC808502055816AB /* Pods-ArtWall.debug.xcconfig */;
			buildSettings = {
				ASSETCATALOG_COMPILER_APPICON_NAME = AppIcon;
				CODE_SIGN_ENTITLEMENTS = ASWP/ASWP.entitlements;
				CODE_SIGN_IDENTITY = "Mac Developer";
				COMBINE_HIDPI_IMAGES = YES;
				DEVELOPMENT_TEAM = 9QJ8M25J77;
				INFOPLIST_FILE = ASWP/Info.plist;
				LD_RUNPATH_SEARCH_PATHS = "$(inherited) @executable_path/../Frameworks";
				MACOSX_DEPLOYMENT_TARGET = 10.11;
				PRODUCT_BUNDLE_IDENTIFIER = com.JustZht.ASWP;
				PRODUCT_NAME = "$(TARGET_NAME)";
				STRIP_INSTALLED_PRODUCT = NO;
			};
			name = Debug;
		};
		0D3918B11DDE0E0600CF0313 /* Release */ = {
			isa = XCBuildConfiguration;
			baseConfigurationReference = DD5E7592D323DC7DE9ED4395 /* Pods-ArtWall.release.xcconfig */;
			buildSettings = {
				ASSETCATALOG_COMPILER_APPICON_NAME = AppIcon;
				CODE_SIGN_ENTITLEMENTS = ASWP/ASWP.entitlements;
				CODE_SIGN_IDENTITY = "Mac Developer";
				COMBINE_HIDPI_IMAGES = YES;
				DEVELOPMENT_TEAM = 9QJ8M25J77;
				INFOPLIST_FILE = ASWP/Info.plist;
				LD_RUNPATH_SEARCH_PATHS = "$(inherited) @executable_path/../Frameworks";
				MACOSX_DEPLOYMENT_TARGET = 10.11;
				PRODUCT_BUNDLE_IDENTIFIER = com.JustZht.ASWP;
				PRODUCT_NAME = "$(TARGET_NAME)";
				STRIP_INSTALLED_PRODUCT = NO;
			};
			name = Release;
		};
		0D3918B31DDE0E0600CF0313 /* Debug */ = {
			isa = XCBuildConfiguration;
			baseConfigurationReference = F2C0C5859BF57E4A7E995830 /* Pods-ArtWallTests.debug.xcconfig */;
			buildSettings = {
				BUNDLE_LOADER = "$(TEST_HOST)";
				COMBINE_HIDPI_IMAGES = YES;
				DEVELOPMENT_TEAM = 9QJ8M25J77;
				INFOPLIST_FILE = ASWPTests/Info.plist;
				LD_RUNPATH_SEARCH_PATHS = "$(inherited) @executable_path/../Frameworks @loader_path/../Frameworks";
				PRODUCT_BUNDLE_IDENTIFIER = com.JustZht.ASWPTests;
				PRODUCT_NAME = "$(TARGET_NAME)";
				TEST_HOST = "$(BUILT_PRODUCTS_DIR)/ArtWall.app/Contents/MacOS/ArtWall";
			};
			name = Debug;
		};
		0D3918B41DDE0E0600CF0313 /* Release */ = {
			isa = XCBuildConfiguration;
			baseConfigurationReference = ABE8769FDDF7C01CBDD15502 /* Pods-ArtWallTests.release.xcconfig */;
			buildSettings = {
				BUNDLE_LOADER = "$(TEST_HOST)";
				COMBINE_HIDPI_IMAGES = YES;
				DEVELOPMENT_TEAM = 9QJ8M25J77;
				INFOPLIST_FILE = ASWPTests/Info.plist;
				LD_RUNPATH_SEARCH_PATHS = "$(inherited) @executable_path/../Frameworks @loader_path/../Frameworks";
				PRODUCT_BUNDLE_IDENTIFIER = com.JustZht.ASWPTests;
				PRODUCT_NAME = "$(TARGET_NAME)";
				TEST_HOST = "$(BUILT_PRODUCTS_DIR)/ArtWall.app/Contents/MacOS/ArtWall";
			};
			name = Release;
		};
		0D3918B61DDE0E0600CF0313 /* Debug */ = {
			isa = XCBuildConfiguration;
			baseConfigurationReference = 0D79DE83AF62B2D8A7DB7BA4 /* Pods-ArtWallUITests.debug.xcconfig */;
			buildSettings = {
				COMBINE_HIDPI_IMAGES = YES;
				DEVELOPMENT_TEAM = 9QJ8M25J77;
				INFOPLIST_FILE = ASWPUITests/Info.plist;
				LD_RUNPATH_SEARCH_PATHS = "$(inherited) @executable_path/../Frameworks @loader_path/../Frameworks";
				PRODUCT_BUNDLE_IDENTIFIER = com.JustZht.ASWPUITests;
				PRODUCT_NAME = "$(TARGET_NAME)";
				TEST_TARGET_NAME = ASWP;
			};
			name = Debug;
		};
		0D3918B71DDE0E0600CF0313 /* Release */ = {
			isa = XCBuildConfiguration;
			baseConfigurationReference = B82189979598417FE5534D5F /* Pods-ArtWallUITests.release.xcconfig */;
			buildSettings = {
				COMBINE_HIDPI_IMAGES = YES;
				DEVELOPMENT_TEAM = 9QJ8M25J77;
				INFOPLIST_FILE = ASWPUITests/Info.plist;
				LD_RUNPATH_SEARCH_PATHS = "$(inherited) @executable_path/../Frameworks @loader_path/../Frameworks";
				PRODUCT_BUNDLE_IDENTIFIER = com.JustZht.ASWPUITests;
				PRODUCT_NAME = "$(TARGET_NAME)";
				TEST_TARGET_NAME = ASWP;
			};
			name = Release;
		};
		0D44C1C11DE0A2B000527BF5 /* Debug */ = {
			isa = XCBuildConfiguration;
			buildSettings = {
				ASSETCATALOG_COMPILER_APPICON_NAME = AppIcon;
				CODE_SIGN_ENTITLEMENTS = ArtWallLoginHelper/ArtWallLoginHelper.entitlements;
				CODE_SIGN_IDENTITY = "Mac Developer";
				COMBINE_HIDPI_IMAGES = YES;
				DEVELOPMENT_TEAM = 9QJ8M25J77;
				INFOPLIST_FILE = ArtWallLoginHelper/Info.plist;
				LD_RUNPATH_SEARCH_PATHS = "$(inherited) @executable_path/../Frameworks";
				MACOSX_DEPLOYMENT_TARGET = 10.11;
				PRODUCT_BUNDLE_IDENTIFIER = com.JustZht.ArtWallLoginHelper;
				PRODUCT_NAME = "$(TARGET_NAME)";
				SKIP_INSTALL = YES;
			};
			name = Debug;
		};
		0D44C1C21DE0A2B000527BF5 /* Release */ = {
			isa = XCBuildConfiguration;
			buildSettings = {
				ASSETCATALOG_COMPILER_APPICON_NAME = AppIcon;
				CODE_SIGN_ENTITLEMENTS = ArtWallLoginHelper/ArtWallLoginHelper.entitlements;
				CODE_SIGN_IDENTITY = "Mac Developer";
				COMBINE_HIDPI_IMAGES = YES;
				DEVELOPMENT_TEAM = 9QJ8M25J77;
				INFOPLIST_FILE = ArtWallLoginHelper/Info.plist;
				LD_RUNPATH_SEARCH_PATHS = "$(inherited) @executable_path/../Frameworks";
				MACOSX_DEPLOYMENT_TARGET = 10.11;
				PRODUCT_BUNDLE_IDENTIFIER = com.JustZht.ArtWallLoginHelper;
				PRODUCT_NAME = "$(TARGET_NAME)";
				SKIP_INSTALL = YES;
			};
			name = Release;
		};
/* End XCBuildConfiguration section */

/* Begin XCConfigurationList section */
		0D3918831DDE0E0600CF0313 /* Build configuration list for PBXProject "ArtWall" */ = {
			isa = XCConfigurationList;
			buildConfigurations = (
				0D3918AD1DDE0E0600CF0313 /* Debug */,
				0D3918AE1DDE0E0600CF0313 /* Release */,
			);
			defaultConfigurationIsVisible = 0;
			defaultConfigurationName = Release;
		};
		0D3918AF1DDE0E0600CF0313 /* Build configuration list for PBXNativeTarget "ArtWall" */ = {
			isa = XCConfigurationList;
			buildConfigurations = (
				0D3918B01DDE0E0600CF0313 /* Debug */,
				0D3918B11DDE0E0600CF0313 /* Release */,
			);
			defaultConfigurationIsVisible = 0;
			defaultConfigurationName = Release;
		};
		0D3918B21DDE0E0600CF0313 /* Build configuration list for PBXNativeTarget "ArtWallTests" */ = {
			isa = XCConfigurationList;
			buildConfigurations = (
				0D3918B31DDE0E0600CF0313 /* Debug */,
				0D3918B41DDE0E0600CF0313 /* Release */,
			);
			defaultConfigurationIsVisible = 0;
			defaultConfigurationName = Release;
		};
		0D3918B51DDE0E0600CF0313 /* Build configuration list for PBXNativeTarget "ArtWallUITests" */ = {
			isa = XCConfigurationList;
			buildConfigurations = (
				0D3918B61DDE0E0600CF0313 /* Debug */,
				0D3918B71DDE0E0600CF0313 /* Release */,
			);
			defaultConfigurationIsVisible = 0;
			defaultConfigurationName = Release;
		};
		0D44C1C01DE0A2B000527BF5 /* Build configuration list for PBXNativeTarget "ArtWallLoginHelper" */ = {
			isa = XCConfigurationList;
			buildConfigurations = (
				0D44C1C11DE0A2B000527BF5 /* Debug */,
				0D44C1C21DE0A2B000527BF5 /* Release */,
			);
			defaultConfigurationIsVisible = 0;
			defaultConfigurationName = Release;
		};
/* End XCConfigurationList section */
	};
	rootObject = 0D3918801DDE0E0600CF0313 /* Project object */;
}
