// !$*UTF8*$!
{
	archiveVersion = 1;
	classes = {
	};
	objectVersion = 46;
	objects = {

/* Begin PBXBuildFile section */
		0D98A2AB1DE06BE900B47DCD /* AppDelegate.m in Sources */ = {isa = PBXBuildFile; fileRef = 0D98A2AA1DE06BE900B47DCD /* AppDelegate.m */; };
		0D98A2AE1DE06BE900B47DCD /* main.m in Sources */ = {isa = PBXBuildFile; fileRef = 0D98A2AD1DE06BE900B47DCD /* main.m */; };
		0D98A2B01DE06BE900B47DCD /* Assets.xcassets in Resources */ = {isa = PBXBuildFile; fileRef = 0D98A2AF1DE06BE900B47DCD /* Assets.xcassets */; };
		0D98A2B31DE06BE900B47DCD /* MainMenu.xib in Resources */ = {isa = PBXBuildFile; fileRef = 0D98A2B11DE06BE900B47DCD /* MainMenu.xib */; };
		0D98A2BE1DE06BE900B47DCD /* ASWPLoginHelperTests.m in Sources */ = {isa = PBXBuildFile; fileRef = 0D98A2BD1DE06BE900B47DCD /* ASWPLoginHelperTests.m */; };
		0D98A2C91DE06BE900B47DCD /* ASWPLoginHelperUITests.m in Sources */ = {isa = PBXBuildFile; fileRef = 0D98A2C81DE06BE900B47DCD /* ASWPLoginHelperUITests.m */; };
/* End PBXBuildFile section */

/* Begin PBXContainerItemProxy section */
		0D98A2BA1DE06BE900B47DCD /* PBXContainerItemProxy */ = {
			isa = PBXContainerItemProxy;
			containerPortal = 0D98A29E1DE06BE900B47DCD /* Project object */;
			proxyType = 1;
			remoteGlobalIDString = 0D98A2A51DE06BE900B47DCD;
			remoteInfo = ASWPLoginHelper;
		};
		0D98A2C51DE06BE900B47DCD /* PBXContainerItemProxy */ = {
			isa = PBXContainerItemProxy;
			containerPortal = 0D98A29E1DE06BE900B47DCD /* Project object */;
			proxyType = 1;
			remoteGlobalIDString = 0D98A2A51DE06BE900B47DCD;
			remoteInfo = ASWPLoginHelper;
		};
/* End PBXContainerItemProxy section */

/* Begin PBXFileReference section */
		0D98A2A61DE06BE900B47DCD /* ASWPLoginHelper.app */ = {isa = PBXFileReference; explicitFileType = wrapper.application; includeInIndex = 0; path = ASWPLoginHelper.app; sourceTree = BUILT_PRODUCTS_DIR; };
		0D98A2A91DE06BE900B47DCD /* AppDelegate.h */ = {isa = PBXFileReference; lastKnownFileType = sourcecode.c.h; path = AppDelegate.h; sourceTree = "<group>"; };
		0D98A2AA1DE06BE900B47DCD /* AppDelegate.m */ = {isa = PBXFileReference; lastKnownFileType = sourcecode.c.objc; path = AppDelegate.m; sourceTree = "<group>"; };
		0D98A2AD1DE06BE900B47DCD /* main.m */ = {isa = PBXFileReference; lastKnownFileType = sourcecode.c.objc; path = main.m; sourceTree = "<group>"; };
		0D98A2AF1DE06BE900B47DCD /* Assets.xcassets */ = {isa = PBXFileReference; lastKnownFileType = folder.assetcatalog; path = Assets.xcassets; sourceTree = "<group>"; };
		0D98A2B21DE06BE900B47DCD /* Base */ = {isa = PBXFileReference; lastKnownFileType = file.xib; name = Base; path = Base.lproj/MainMenu.xib; sourceTree = "<group>"; };
		0D98A2B41DE06BE900B47DCD /* Info.plist */ = {isa = PBXFileReference; lastKnownFileType = text.plist.xml; path = Info.plist; sourceTree = "<group>"; };
		0D98A2B91DE06BE900B47DCD /* ASWPLoginHelperTests.xctest */ = {isa = PBXFileReference; explicitFileType = wrapper.cfbundle; includeInIndex = 0; path = ASWPLoginHelperTests.xctest; sourceTree = BUILT_PRODUCTS_DIR; };
		0D98A2BD1DE06BE900B47DCD /* ASWPLoginHelperTests.m */ = {isa = PBXFileReference; lastKnownFileType = sourcecode.c.objc; path = ASWPLoginHelperTests.m; sourceTree = "<group>"; };
		0D98A2BF1DE06BE900B47DCD /* Info.plist */ = {isa = PBXFileReference; lastKnownFileType = text.plist.xml; path = Info.plist; sourceTree = "<group>"; };
		0D98A2C41DE06BE900B47DCD /* ASWPLoginHelperUITests.xctest */ = {isa = PBXFileReference; explicitFileType = wrapper.cfbundle; includeInIndex = 0; path = ASWPLoginHelperUITests.xctest; sourceTree = BUILT_PRODUCTS_DIR; };
		0D98A2C81DE06BE900B47DCD /* ASWPLoginHelperUITests.m */ = {isa = PBXFileReference; lastKnownFileType = sourcecode.c.objc; path = ASWPLoginHelperUITests.m; sourceTree = "<group>"; };
		0D98A2CA1DE06BE900B47DCD /* Info.plist */ = {isa = PBXFileReference; lastKnownFileType = text.plist.xml; path = Info.plist; sourceTree = "<group>"; };
/* End PBXFileReference section */

/* Begin PBXFrameworksBuildPhase section */
		0D98A2A31DE06BE900B47DCD /* Frameworks */ = {
			isa = PBXFrameworksBuildPhase;
			buildActionMask = 2147483647;
			files = (
			);
			runOnlyForDeploymentPostprocessing = 0;
		};
		0D98A2B61DE06BE900B47DCD /* Frameworks */ = {
			isa = PBXFrameworksBuildPhase;
			buildActionMask = 2147483647;
			files = (
			);
			runOnlyForDeploymentPostprocessing = 0;
		};
		0D98A2C11DE06BE900B47DCD /* Frameworks */ = {
			isa = PBXFrameworksBuildPhase;
			buildActionMask = 2147483647;
			files = (
			);
			runOnlyForDeploymentPostprocessing = 0;
		};
/* End PBXFrameworksBuildPhase section */

/* Begin PBXGroup section */
		0D98A29D1DE06BE900B47DCD = {
			isa = PBXGroup;
			children = (
				0D98A2A81DE06BE900B47DCD /* ASWPLoginHelper */,
				0D98A2BC1DE06BE900B47DCD /* ASWPLoginHelperTests */,
				0D98A2C71DE06BE900B47DCD /* ASWPLoginHelperUITests */,
				0D98A2A71DE06BE900B47DCD /* Products */,
			);
			sourceTree = "<group>";
		};
		0D98A2A71DE06BE900B47DCD /* Products */ = {
			isa = PBXGroup;
			children = (
				0D98A2A61DE06BE900B47DCD /* ASWPLoginHelper.app */,
				0D98A2B91DE06BE900B47DCD /* ASWPLoginHelperTests.xctest */,
				0D98A2C41DE06BE900B47DCD /* ASWPLoginHelperUITests.xctest */,
			);
			name = Products;
			sourceTree = "<group>";
		};
		0D98A2A81DE06BE900B47DCD /* ASWPLoginHelper */ = {
			isa = PBXGroup;
			children = (
				0D98A2A91DE06BE900B47DCD /* AppDelegate.h */,
				0D98A2AA1DE06BE900B47DCD /* AppDelegate.m */,
				0D98A2AF1DE06BE900B47DCD /* Assets.xcassets */,
				0D98A2B11DE06BE900B47DCD /* MainMenu.xib */,
				0D98A2B41DE06BE900B47DCD /* Info.plist */,
				0D98A2AC1DE06BE900B47DCD /* Supporting Files */,
			);
			path = ASWPLoginHelper;
			sourceTree = "<group>";
		};
		0D98A2AC1DE06BE900B47DCD /* Supporting Files */ = {
			isa = PBXGroup;
			children = (
				0D98A2AD1DE06BE900B47DCD /* main.m */,
			);
			name = "Supporting Files";
			sourceTree = "<group>";
		};
		0D98A2BC1DE06BE900B47DCD /* ASWPLoginHelperTests */ = {
			isa = PBXGroup;
			children = (
				0D98A2BD1DE06BE900B47DCD /* ASWPLoginHelperTests.m */,
				0D98A2BF1DE06BE900B47DCD /* Info.plist */,
			);
			path = ASWPLoginHelperTests;
			sourceTree = "<group>";
		};
		0D98A2C71DE06BE900B47DCD /* ASWPLoginHelperUITests */ = {
			isa = PBXGroup;
			children = (
				0D98A2C81DE06BE900B47DCD /* ASWPLoginHelperUITests.m */,
				0D98A2CA1DE06BE900B47DCD /* Info.plist */,
			);
			path = ASWPLoginHelperUITests;
			sourceTree = "<group>";
		};
/* End PBXGroup section */

/* Begin PBXNativeTarget section */
		0D98A2A51DE06BE900B47DCD /* ASWPLoginHelper */ = {
			isa = PBXNativeTarget;
			buildConfigurationList = 0D98A2CD1DE06BE900B47DCD /* Build configuration list for PBXNativeTarget "ASWPLoginHelper" */;
			buildPhases = (
				0D98A2A21DE06BE900B47DCD /* Sources */,
				0D98A2A31DE06BE900B47DCD /* Frameworks */,
				0D98A2A41DE06BE900B47DCD /* Resources */,
			);
			buildRules = (
			);
			dependencies = (
			);
			name = ASWPLoginHelper;
			productName = ASWPLoginHelper;
			productReference = 0D98A2A61DE06BE900B47DCD /* ASWPLoginHelper.app */;
			productType = "com.apple.product-type.application";
		};
		0D98A2B81DE06BE900B47DCD /* ASWPLoginHelperTests */ = {
			isa = PBXNativeTarget;
			buildConfigurationList = 0D98A2D01DE06BE900B47DCD /* Build configuration list for PBXNativeTarget "ASWPLoginHelperTests" */;
			buildPhases = (
				0D98A2B51DE06BE900B47DCD /* Sources */,
				0D98A2B61DE06BE900B47DCD /* Frameworks */,
				0D98A2B71DE06BE900B47DCD /* Resources */,
			);
			buildRules = (
			);
			dependencies = (
				0D98A2BB1DE06BE900B47DCD /* PBXTargetDependency */,
			);
			name = ASWPLoginHelperTests;
			productName = ASWPLoginHelperTests;
			productReference = 0D98A2B91DE06BE900B47DCD /* ASWPLoginHelperTests.xctest */;
			productType = "com.apple.product-type.bundle.unit-test";
		};
		0D98A2C31DE06BE900B47DCD /* ASWPLoginHelperUITests */ = {
			isa = PBXNativeTarget;
			buildConfigurationList = 0D98A2D31DE06BE900B47DCD /* Build configuration list for PBXNativeTarget "ASWPLoginHelperUITests" */;
			buildPhases = (
				0D98A2C01DE06BE900B47DCD /* Sources */,
				0D98A2C11DE06BE900B47DCD /* Frameworks */,
				0D98A2C21DE06BE900B47DCD /* Resources */,
			);
			buildRules = (
			);
			dependencies = (
				0D98A2C61DE06BE900B47DCD /* PBXTargetDependency */,
			);
			name = ASWPLoginHelperUITests;
			productName = ASWPLoginHelperUITests;
			productReference = 0D98A2C41DE06BE900B47DCD /* ASWPLoginHelperUITests.xctest */;
			productType = "com.apple.product-type.bundle.ui-testing";
		};
/* End PBXNativeTarget section */

/* Begin PBXProject section */
		0D98A29E1DE06BE900B47DCD /* Project object */ = {
			isa = PBXProject;
			attributes = {
				LastUpgradeCheck = 0810;
				ORGANIZATIONNAME = "Justin Fincher";
				TargetAttributes = {
					0D98A2A51DE06BE900B47DCD = {
						CreatedOnToolsVersion = 8.1;
						DevelopmentTeam = 9QJ8M25J77;
						ProvisioningStyle = Automatic;
					};
					0D98A2B81DE06BE900B47DCD = {
						CreatedOnToolsVersion = 8.1;
						DevelopmentTeam = 9QJ8M25J77;
						ProvisioningStyle = Automatic;
						TestTargetID = 0D98A2A51DE06BE900B47DCD;
					};
					0D98A2C31DE06BE900B47DCD = {
						CreatedOnToolsVersion = 8.1;
						DevelopmentTeam = 9QJ8M25J77;
						ProvisioningStyle = Automatic;
						TestTargetID = 0D98A2A51DE06BE900B47DCD;
					};
				};
			};
			buildConfigurationList = 0D98A2A11DE06BE900B47DCD /* Build configuration list for PBXProject "ASWPLoginHelper" */;
			compatibilityVersion = "Xcode 3.2";
			developmentRegion = English;
			hasScannedForEncodings = 0;
			knownRegions = (
				en,
				Base,
			);
			mainGroup = 0D98A29D1DE06BE900B47DCD;
			productRefGroup = 0D98A2A71DE06BE900B47DCD /* Products */;
			projectDirPath = "";
			projectRoot = "";
			targets = (
				0D98A2A51DE06BE900B47DCD /* ASWPLoginHelper */,
				0D98A2B81DE06BE900B47DCD /* ASWPLoginHelperTests */,
				0D98A2C31DE06BE900B47DCD /* ASWPLoginHelperUITests */,
			);
		};
/* End PBXProject section */

/* Begin PBXResourcesBuildPhase section */
		0D98A2A41DE06BE900B47DCD /* Resources */ = {
			isa = PBXResourcesBuildPhase;
			buildActionMask = 2147483647;
			files = (
				0D98A2B01DE06BE900B47DCD /* Assets.xcassets in Resources */,
				0D98A2B31DE06BE900B47DCD /* MainMenu.xib in Resources */,
			);
			runOnlyForDeploymentPostprocessing = 0;
		};
		0D98A2B71DE06BE900B47DCD /* Resources */ = {
			isa = PBXResourcesBuildPhase;
			buildActionMask = 2147483647;
			files = (
			);
			runOnlyForDeploymentPostprocessing = 0;
		};
		0D98A2C21DE06BE900B47DCD /* Resources */ = {
			isa = PBXResourcesBuildPhase;
			buildActionMask = 2147483647;
			files = (
			);
			runOnlyForDeploymentPostprocessing = 0;
		};
/* End PBXResourcesBuildPhase section */

/* Begin PBXSourcesBuildPhase section */
		0D98A2A21DE06BE900B47DCD /* Sources */ = {
			isa = PBXSourcesBuildPhase;
			buildActionMask = 2147483647;
			files = (
				0D98A2AE1DE06BE900B47DCD /* main.m in Sources */,
				0D98A2AB1DE06BE900B47DCD /* AppDelegate.m in Sources */,
			);
			runOnlyForDeploymentPostprocessing = 0;
		};
		0D98A2B51DE06BE900B47DCD /* Sources */ = {
			isa = PBXSourcesBuildPhase;
			buildActionMask = 2147483647;
			files = (
				0D98A2BE1DE06BE900B47DCD /* ASWPLoginHelperTests.m in Sources */,
			);
			runOnlyForDeploymentPostprocessing = 0;
		};
		0D98A2C01DE06BE900B47DCD /* Sources */ = {
			isa = PBXSourcesBuildPhase;
			buildActionMask = 2147483647;
			files = (
				0D98A2C91DE06BE900B47DCD /* ASWPLoginHelperUITests.m in Sources */,
			);
			runOnlyForDeploymentPostprocessing = 0;
		};
/* End PBXSourcesBuildPhase section */

/* Begin PBXTargetDependency section */
		0D98A2BB1DE06BE900B47DCD /* PBXTargetDependency */ = {
			isa = PBXTargetDependency;
			target = 0D98A2A51DE06BE900B47DCD /* ASWPLoginHelper */;
			targetProxy = 0D98A2BA1DE06BE900B47DCD /* PBXContainerItemProxy */;
		};
		0D98A2C61DE06BE900B47DCD /* PBXTargetDependency */ = {
			isa = PBXTargetDependency;
			target = 0D98A2A51DE06BE900B47DCD /* ASWPLoginHelper */;
			targetProxy = 0D98A2C51DE06BE900B47DCD /* PBXContainerItemProxy */;
		};
/* End PBXTargetDependency section */

/* Begin PBXVariantGroup section */
		0D98A2B11DE06BE900B47DCD /* MainMenu.xib */ = {
			isa = PBXVariantGroup;
			children = (
				0D98A2B21DE06BE900B47DCD /* Base */,
			);
			name = MainMenu.xib;
			sourceTree = "<group>";
		};
/* End PBXVariantGroup section */

/* Begin XCBuildConfiguration section */
		0D98A2CB1DE06BE900B47DCD /* Debug */ = {
			isa = XCBuildConfiguration;
			buildSettings = {
				ALWAYS_SEARCH_USER_PATHS = NO;
				CLANG_ANALYZER_NONNULL = YES;
				CLANG_CXX_LANGUAGE_STANDARD = "gnu++0x";
				CLANG_CXX_LIBRARY = "libc++";
				CLANG_ENABLE_MODULES = YES;
				CLANG_ENABLE_OBJC_ARC = YES;
				CLANG_WARN_BOOL_CONVERSION = YES;
				CLANG_WARN_CONSTANT_CONVERSION = YES;
				CLANG_WARN_DIRECT_OBJC_ISA_USAGE = YES_ERROR;
				CLANG_WARN_DOCUMENTATION_COMMENTS = YES;
				CLANG_WARN_EMPTY_BODY = YES;
				CLANG_WARN_ENUM_CONVERSION = YES;
				CLANG_WARN_INFINITE_RECURSION = YES;
				CLANG_WARN_INT_CONVERSION = YES;
				CLANG_WARN_OBJC_ROOT_CLASS = YES_ERROR;
				CLANG_WARN_SUSPICIOUS_MOVES = YES;
				CLANG_WARN_UNREACHABLE_CODE = YES;
				CLANG_WARN__DUPLICATE_METHOD_MATCH = YES;
				CODE_SIGN_IDENTITY = "-";
				COPY_PHASE_STRIP = NO;
				DEBUG_INFORMATION_FORMAT = dwarf;
				ENABLE_STRICT_OBJC_MSGSEND = YES;
				ENABLE_TESTABILITY = YES;
				GCC_C_LANGUAGE_STANDARD = gnu99;
				GCC_DYNAMIC_NO_PIC = NO;
				GCC_NO_COMMON_BLOCKS = YES;
				GCC_OPTIMIZATION_LEVEL = 0;
				GCC_PREPROCESSOR_DEFINITIONS = (
					"DEBUG=1",
					"$(inherited)",
				);
				GCC_WARN_64_TO_32_BIT_CONVERSION = YES;
				GCC_WARN_ABOUT_RETURN_TYPE = YES_ERROR;
				GCC_WARN_UNDECLARED_SELECTOR = YES;
				GCC_WARN_UNINITIALIZED_AUTOS = YES_AGGRESSIVE;
				GCC_WARN_UNUSED_FUNCTION = YES;
				GCC_WARN_UNUSED_VARIABLE = YES;
				MACOSX_DEPLOYMENT_TARGET = 10.12;
				MTL_ENABLE_DEBUG_INFO = YES;
				ONLY_ACTIVE_ARCH = YES;
				SDKROOT = macosx;
			};
			name = Debug;
		};
		0D98A2CC1DE06BE900B47DCD /* Release */ = {
			isa = XCBuildConfiguration;
			buildSettings = {
				ALWAYS_SEARCH_USER_PATHS = NO;
				CLANG_ANALYZER_NONNULL = YES;
				CLANG_CXX_LANGUAGE_STANDARD = "gnu++0x";
				CLANG_CXX_LIBRARY = "libc++";
				CLANG_ENABLE_MODULES = YES;
				CLANG_ENABLE_OBJC_ARC = YES;
				CLANG_WARN_BOOL_CONVERSION = YES;
				CLANG_WARN_CONSTANT_CONVERSION = YES;
				CLANG_WARN_DIRECT_OBJC_ISA_USAGE = YES_ERROR;
				CLANG_WARN_DOCUMENTATION_COMMENTS = YES;
				CLANG_WARN_EMPTY_BODY = YES;
				CLANG_WARN_ENUM_CONVERSION = YES;
				CLANG_WARN_INFINITE_RECURSION = YES;
				CLANG_WARN_INT_CONVERSION = YES;
				CLANG_WARN_OBJC_ROOT_CLASS = YES_ERROR;
				CLANG_WARN_SUSPICIOUS_MOVES = YES;
				CLANG_WARN_UNREACHABLE_CODE = YES;
				CLANG_WARN__DUPLICATE_METHOD_MATCH = YES;
				CODE_SIGN_IDENTITY = "-";
				COPY_PHASE_STRIP = NO;
				DEBUG_INFORMATION_FORMAT = "dwarf-with-dsym";
				ENABLE_NS_ASSERTIONS = NO;
				ENABLE_STRICT_OBJC_MSGSEND = YES;
				GCC_C_LANGUAGE_STANDARD = gnu99;
				GCC_NO_COMMON_BLOCKS = YES;
				GCC_WARN_64_TO_32_BIT_CONVERSION = YES;
				GCC_WARN_ABOUT_RETURN_TYPE = YES_ERROR;
				GCC_WARN_UNDECLARED_SELECTOR = YES;
				GCC_WARN_UNINITIALIZED_AUTOS = YES_AGGRESSIVE;
				GCC_WARN_UNUSED_FUNCTION = YES;
				GCC_WARN_UNUSED_VARIABLE = YES;
				MACOSX_DEPLOYMENT_TARGET = 10.12;
				MTL_ENABLE_DEBUG_INFO = NO;
				SDKROOT = macosx;
			};
			name = Release;
		};
		0D98A2CE1DE06BE900B47DCD /* Debug */ = {
			isa = XCBuildConfiguration;
			buildSettings = {
				ASSETCATALOG_COMPILER_APPICON_NAME = AppIcon;
				CODE_SIGN_IDENTITY = "Mac Developer";
				COMBINE_HIDPI_IMAGES = YES;
				DEVELOPMENT_TEAM = 9QJ8M25J77;
				INFOPLIST_FILE = ASWPLoginHelper/Info.plist;
				LD_RUNPATH_SEARCH_PATHS = "$(inherited) @executable_path/../Frameworks";
				MACOSX_DEPLOYMENT_TARGET = 10.11;
				PRODUCT_BUNDLE_IDENTIFIER = com.JustZht.ASWPLoginHelper;
				PRODUCT_NAME = "$(TARGET_NAME)";
			};
			name = Debug;
		};
		0D98A2CF1DE06BE900B47DCD /* Release */ = {
			isa = XCBuildConfiguration;
			buildSettings = {
				ASSETCATALOG_COMPILER_APPICON_NAME = AppIcon;
				CODE_SIGN_IDENTITY = "Mac Developer";
				COMBINE_HIDPI_IMAGES = YES;
				DEVELOPMENT_TEAM = 9QJ8M25J77;
				INFOPLIST_FILE = ASWPLoginHelper/Info.plist;
				LD_RUNPATH_SEARCH_PATHS = "$(inherited) @executable_path/../Frameworks";
				MACOSX_DEPLOYMENT_TARGET = 10.11;
				PRODUCT_BUNDLE_IDENTIFIER = com.JustZht.ASWPLoginHelper;
				PRODUCT_NAME = "$(TARGET_NAME)";
			};
			name = Release;
		};
		0D98A2D11DE06BE900B47DCD /* Debug */ = {
			isa = XCBuildConfiguration;
			buildSettings = {
				BUNDLE_LOADER = "$(TEST_HOST)";
				COMBINE_HIDPI_IMAGES = YES;
				DEVELOPMENT_TEAM = 9QJ8M25J77;
				INFOPLIST_FILE = ASWPLoginHelperTests/Info.plist;
				LD_RUNPATH_SEARCH_PATHS = "$(inherited) @executable_path/../Frameworks @loader_path/../Frameworks";
				PRODUCT_BUNDLE_IDENTIFIER = com.JustZht.ASWPLoginHelperTests;
				PRODUCT_NAME = "$(TARGET_NAME)";
				TEST_HOST = "$(BUILT_PRODUCTS_DIR)/ASWPLoginHelper.app/Contents/MacOS/ASWPLoginHelper";
			};
			name = Debug;
		};
		0D98A2D21DE06BE900B47DCD /* Release */ = {
			isa = XCBuildConfiguration;
			buildSettings = {
				BUNDLE_LOADER = "$(TEST_HOST)";
				COMBINE_HIDPI_IMAGES = YES;
				DEVELOPMENT_TEAM = 9QJ8M25J77;
				INFOPLIST_FILE = ASWPLoginHelperTests/Info.plist;
				LD_RUNPATH_SEARCH_PATHS = "$(inherited) @executable_path/../Frameworks @loader_path/../Frameworks";
				PRODUCT_BUNDLE_IDENTIFIER = com.JustZht.ASWPLoginHelperTests;
				PRODUCT_NAME = "$(TARGET_NAME)";
				TEST_HOST = "$(BUILT_PRODUCTS_DIR)/ASWPLoginHelper.app/Contents/MacOS/ASWPLoginHelper";
			};
			name = Release;
		};
		0D98A2D41DE06BE900B47DCD /* Debug */ = {
			isa = XCBuildConfiguration;
			buildSettings = {
				COMBINE_HIDPI_IMAGES = YES;
				DEVELOPMENT_TEAM = 9QJ8M25J77;
				INFOPLIST_FILE = ASWPLoginHelperUITests/Info.plist;
				LD_RUNPATH_SEARCH_PATHS = "$(inherited) @executable_path/../Frameworks @loader_path/../Frameworks";
				PRODUCT_BUNDLE_IDENTIFIER = com.JustZht.ASWPLoginHelperUITests;
				PRODUCT_NAME = "$(TARGET_NAME)";
				TEST_TARGET_NAME = ASWPLoginHelper;
			};
			name = Debug;
		};
		0D98A2D51DE06BE900B47DCD /* Release */ = {
			isa = XCBuildConfiguration;
			buildSettings = {
				COMBINE_HIDPI_IMAGES = YES;
				DEVELOPMENT_TEAM = 9QJ8M25J77;
				INFOPLIST_FILE = ASWPLoginHelperUITests/Info.plist;
				LD_RUNPATH_SEARCH_PATHS = "$(inherited) @executable_path/../Frameworks @loader_path/../Frameworks";
				PRODUCT_BUNDLE_IDENTIFIER = com.JustZht.ASWPLoginHelperUITests;
				PRODUCT_NAME = "$(TARGET_NAME)";
				TEST_TARGET_NAME = ASWPLoginHelper;
			};
			name = Release;
		};
/* End XCBuildConfiguration section */

/* Begin XCConfigurationList section */
		0D98A2A11DE06BE900B47DCD /* Build configuration list for PBXProject "ASWPLoginHelper" */ = {
			isa = XCConfigurationList;
			buildConfigurations = (
				0D98A2CB1DE06BE900B47DCD /* Debug */,
				0D98A2CC1DE06BE900B47DCD /* Release */,
			);
			defaultConfigurationIsVisible = 0;
			defaultConfigurationName = Release;
		};
		0D98A2CD1DE06BE900B47DCD /* Build configuration list for PBXNativeTarget "ASWPLoginHelper" */ = {
			isa = XCConfigurationList;
			buildConfigurations = (
				0D98A2CE1DE06BE900B47DCD /* Debug */,
				0D98A2CF1DE06BE900B47DCD /* Release */,
			);
			defaultConfigurationIsVisible = 0;
		};
		0D98A2D01DE06BE900B47DCD /* Build configuration list for PBXNativeTarget "ASWPLoginHelperTests" */ = {
			isa = XCConfigurationList;
			buildConfigurations = (
				0D98A2D11DE06BE900B47DCD /* Debug */,
				0D98A2D21DE06BE900B47DCD /* Release */,
			);
			defaultConfigurationIsVisible = 0;
		};
		0D98A2D31DE06BE900B47DCD /* Build configuration list for PBXNativeTarget "ASWPLoginHelperUITests" */ = {
			isa = XCConfigurationList;
			buildConfigurations = (
				0D98A2D41DE06BE900B47DCD /* Debug */,
				0D98A2D51DE06BE900B47DCD /* Release */,
			);
			defaultConfigurationIsVisible = 0;
		};
/* End XCConfigurationList section */
	};
	rootObject = 0D98A29E1DE06BE900B47DCD /* Project object */;
}
